
Microsoft Visual Studio Solution File, Format Version 12.00
# Visual Studio 14
VisualStudioVersion = 14.0.25420.1
MinimumVisualStudioVersion = 10.0.40219.1
Project("{FAE04EC0-301F-11D3-BF4B-00C04F79EFBC}") = "1600", "1600\1600.csproj", "{B3E5ECB6-60C1-4267-85C4-B0A8A5A67602}"
EndProject
Project("{FAE04EC0-301F-11D3-BF4B-00C04F79EFBC}") = "1601", "1601\1601.csproj", "{B3544D62-47F1-4F91-8124-6966C6078469}"
EndProject
Project("{FAE04EC0-301F-11D3-BF4B-00C04F79EFBC}") = "1602", "1602\1602.csproj", "{D5BF5D12-A5E6-4B58-8861-1589DCFFA605}"
EndProject
Global
	GlobalSection(SolutionConfigurationPlatforms) = preSolution
		Debug|Any CPU = Debug|Any CPU
		Release|Any CPU = Release|Any CPU
	EndGlobalSection
	GlobalSection(ProjectConfigurationPlatforms) = postSolution
		{B3E5ECB6-60C1-4267-85C4-B0A8A5A67602}.Debug|Any CPU.ActiveCfg = Debug|Any CPU
		{B3E5ECB6-60C1-4267-85C4-B0A8A5A67602}.Debug|Any CPU.Build.0 = Debug|Any CPU
		{B3E5ECB6-60C1-4267-85C4-B0A8A5A67602}.Release|Any CPU.ActiveCfg = Release|Any CPU
		{B3E5ECB6-60C1-4267-85C4-B0A8A5A67602}.Release|Any CPU.Build.0 = Release|Any CPU
		{B3544D62-47F1-4F91-8124-6966C6078469}.Debug|Any CPU.ActiveCfg = Debug|Any CPU
		{B3544D62-47F1-4F91-8124-6966C6078469}.Debug|Any CPU.Build.0 = Debug|Any CPU
		{B3544D62-47F1-4F91-8124-6966C6078469}.Release|Any CPU.ActiveCfg = Release|Any CPU
		{B3544D62-47F1-4F91-8124-6966C6078469}.Release|Any CPU.Build.0 = Release|Any CPU
		{D5BF5D12-A5E6-4B58-8861-1589DCFFA605}.Debug|Any CPU.ActiveCfg = Debug|Any CPU
		{D5BF5D12-A5E6-4B58-8861-1589DCFFA605}.Debug|Any CPU.Build.0 = Debug|Any CPU
		{D5BF5D12-A5E6-4B58-8861-1589DCFFA605}.Release|Any CPU.ActiveCfg = Release|Any CPU
		{D5BF5D12-A5E6-4B58-8861-1589DCFFA605}.Release|Any CPU.Build.0 = Release|Any CPU
	EndGlobalSection
	GlobalSection(SolutionProperties) = preSolution
		HideSolutionNode = FALSE
	EndGlobalSection
EndGlobal
