
Microsoft Visual Studio Solution File, Format Version 12.00
# Visual Studio 14
VisualStudioVersion = 14.0.25420.1
MinimumVisualStudioVersion = 10.0.40219.1
Project("{FAE04EC0-301F-11D3-BF4B-00C04F79EFBC}") = "a", "a\a.csproj", "{19E938AD-997B-4A11-8ADB-AD6B91163886}"
EndProject
Project("{FAE04EC0-301F-11D3-BF4B-00C04F79EFBC}") = "b", "b\b.csproj", "{CFC44BB4-5146-4E3E-AE9E-9FA475C2EE23}"
EndProject
Project("{FAE04EC0-301F-11D3-BF4B-00C04F79EFBC}") = "c", "c\c.csproj", "{FB1E1556-E247-4E45-86FF-5F22294D056F}"
EndProject
Project("{FAE04EC0-301F-11D3-BF4B-00C04F79EFBC}") = "d", "d\d.csproj", "{C32A1061-2EF6-4CCD-9FC2-4E57B779C5F5}"
EndProject
Global
	GlobalSection(SolutionConfigurationPlatforms) = preSolution
		Debug|Any CPU = Debug|Any CPU
		Release|Any CPU = Release|Any CPU
	EndGlobalSection
	GlobalSection(ProjectConfigurationPlatforms) = postSolution
		{19E938AD-997B-4A11-8ADB-AD6B91163886}.Debug|Any CPU.ActiveCfg = Debug|Any CPU
		{19E938AD-997B-4A11-8ADB-AD6B91163886}.Debug|Any CPU.Build.0 = Debug|Any CPU
		{19E938AD-997B-4A11-8ADB-AD6B91163886}.Release|Any CPU.ActiveCfg = Release|Any CPU
		{19E938AD-997B-4A11-8ADB-AD6B91163886}.Release|Any CPU.Build.0 = Release|Any CPU
		{CFC44BB4-5146-4E3E-AE9E-9FA475C2EE23}.Debug|Any CPU.ActiveCfg = Debug|Any CPU
		{CFC44BB4-5146-4E3E-AE9E-9FA475C2EE23}.Debug|Any CPU.Build.0 = Debug|Any CPU
		{CFC44BB4-5146-4E3E-AE9E-9FA475C2EE23}.Release|Any CPU.ActiveCfg = Release|Any CPU
		{CFC44BB4-5146-4E3E-AE9E-9FA475C2EE23}.Release|Any CPU.Build.0 = Release|Any CPU
		{FB1E1556-E247-4E45-86FF-5F22294D056F}.Debug|Any CPU.ActiveCfg = Debug|Any CPU
		{FB1E1556-E247-4E45-86FF-5F22294D056F}.Debug|Any CPU.Build.0 = Debug|Any CPU
		{FB1E1556-E247-4E45-86FF-5F22294D056F}.Release|Any CPU.ActiveCfg = Release|Any CPU
		{FB1E1556-E247-4E45-86FF-5F22294D056F}.Release|Any CPU.Build.0 = Release|Any CPU
		{C32A1061-2EF6-4CCD-9FC2-4E57B779C5F5}.Debug|Any CPU.ActiveCfg = Debug|Any CPU
		{C32A1061-2EF6-4CCD-9FC2-4E57B779C5F5}.Debug|Any CPU.Build.0 = Debug|Any CPU
		{C32A1061-2EF6-4CCD-9FC2-4E57B779C5F5}.Release|Any CPU.ActiveCfg = Release|Any CPU
		{C32A1061-2EF6-4CCD-9FC2-4E57B779C5F5}.Release|Any CPU.Build.0 = Release|Any CPU
	EndGlobalSection
	GlobalSection(SolutionProperties) = preSolution
		HideSolutionNode = FALSE
	EndGlobalSection
EndGlobal
