
Microsoft Visual Studio Solution File, Format Version 12.00
# Visual Studio 14
VisualStudioVersion = 14.0.25123.0
MinimumVisualStudioVersion = 10.0.40219.1
Project("{FAE04EC0-301F-11D3-BF4B-00C04F79EFBC}") = "2700", "2700\2700.csproj", "{E2D5DC1C-7C93-414F-904B-5293C9FA71DE}"
EndProject
Project("{FAE04EC0-301F-11D3-BF4B-00C04F79EFBC}") = "2738", "2738\2738.csproj", "{2C249C5D-F349-470A-A8D9-11F72645D490}"
EndProject
Project("{FAE04EC0-301F-11D3-BF4B-00C04F79EFBC}") = "2745", "2745\2745.csproj", "{A286C4CC-0F0C-4D19-B2D3-2E3E88C1162F}"
EndProject
Project("{FAE04EC0-301F-11D3-BF4B-00C04F79EFBC}") = "2780", "2780\2780.csproj", "{2E8767A4-746B-419B-98C3-BFDA8B1F6405}"
EndProject
Project("{FAE04EC0-301F-11D3-BF4B-00C04F79EFBC}") = "2739", "2739\2739.csproj", "{F1A2083F-E97E-43CF-9FC3-2E84CE9A1C1A}"
EndProject
Project("{FAE04EC0-301F-11D3-BF4B-00C04F79EFBC}") = "2706", "2706\2706.csproj", "{C3EE9141-7E8B-4932-B41D-5011C7B9D40F}"
EndProject
Project("{FAE04EC0-301F-11D3-BF4B-00C04F79EFBC}") = "2707", "2707\2707.csproj", "{9FE20030-EC53-44C5-B2C9-4397AC825E49}"
EndProject
Project("{FAE04EC0-301F-11D3-BF4B-00C04F79EFBC}") = "2781", "2781\2781.csproj", "{DE245007-5DB7-4779-BB14-AA8358EDEB23}"
EndProject
Project("{FAE04EC0-301F-11D3-BF4B-00C04F79EFBC}") = "2727", "2727\2727.csproj", "{8ABBB4EB-CA98-4B68-8C9C-DCF359EDC1D9}"
EndProject
Project("{FAE04EC0-301F-11D3-BF4B-00C04F79EFBC}") = "2746", "2746\2746.csproj", "{975C3BB9-3212-4643-B407-4A9633D4368B}"
EndProject
Project("{FAE04EC0-301F-11D3-BF4B-00C04F79EFBC}") = "2728", "2728\2728.csproj", "{96EB3FD6-5AF4-4208-B5AE-54DD57BCAC91}"
EndProject
Global
	GlobalSection(SolutionConfigurationPlatforms) = preSolution
		Debug|Any CPU = Debug|Any CPU
		Release|Any CPU = Release|Any CPU
	EndGlobalSection
	GlobalSection(ProjectConfigurationPlatforms) = postSolution
		{E2D5DC1C-7C93-414F-904B-5293C9FA71DE}.Debug|Any CPU.ActiveCfg = Debug|Any CPU
		{E2D5DC1C-7C93-414F-904B-5293C9FA71DE}.Debug|Any CPU.Build.0 = Debug|Any CPU
		{E2D5DC1C-7C93-414F-904B-5293C9FA71DE}.Release|Any CPU.ActiveCfg = Release|Any CPU
		{E2D5DC1C-7C93-414F-904B-5293C9FA71DE}.Release|Any CPU.Build.0 = Release|Any CPU
		{2C249C5D-F349-470A-A8D9-11F72645D490}.Debug|Any CPU.ActiveCfg = Debug|Any CPU
		{2C249C5D-F349-470A-A8D9-11F72645D490}.Debug|Any CPU.Build.0 = Debug|Any CPU
		{2C249C5D-F349-470A-A8D9-11F72645D490}.Release|Any CPU.ActiveCfg = Release|Any CPU
		{2C249C5D-F349-470A-A8D9-11F72645D490}.Release|Any CPU.Build.0 = Release|Any CPU
		{A286C4CC-0F0C-4D19-B2D3-2E3E88C1162F}.Debug|Any CPU.ActiveCfg = Debug|Any CPU
		{A286C4CC-0F0C-4D19-B2D3-2E3E88C1162F}.Debug|Any CPU.Build.0 = Debug|Any CPU
		{A286C4CC-0F0C-4D19-B2D3-2E3E88C1162F}.Release|Any CPU.ActiveCfg = Release|Any CPU
		{A286C4CC-0F0C-4D19-B2D3-2E3E88C1162F}.Release|Any CPU.Build.0 = Release|Any CPU
		{2E8767A4-746B-419B-98C3-BFDA8B1F6405}.Debug|Any CPU.ActiveCfg = Debug|Any CPU
		{2E8767A4-746B-419B-98C3-BFDA8B1F6405}.Debug|Any CPU.Build.0 = Debug|Any CPU
		{2E8767A4-746B-419B-98C3-BFDA8B1F6405}.Release|Any CPU.ActiveCfg = Release|Any CPU
		{2E8767A4-746B-419B-98C3-BFDA8B1F6405}.Release|Any CPU.Build.0 = Release|Any CPU
		{F1A2083F-E97E-43CF-9FC3-2E84CE9A1C1A}.Debug|Any CPU.ActiveCfg = Debug|Any CPU
		{F1A2083F-E97E-43CF-9FC3-2E84CE9A1C1A}.Debug|Any CPU.Build.0 = Debug|Any CPU
		{F1A2083F-E97E-43CF-9FC3-2E84CE9A1C1A}.Release|Any CPU.ActiveCfg = Release|Any CPU
		{F1A2083F-E97E-43CF-9FC3-2E84CE9A1C1A}.Release|Any CPU.Build.0 = Release|Any CPU
		{C3EE9141-7E8B-4932-B41D-5011C7B9D40F}.Debug|Any CPU.ActiveCfg = Debug|Any CPU
		{C3EE9141-7E8B-4932-B41D-5011C7B9D40F}.Debug|Any CPU.Build.0 = Debug|Any CPU
		{C3EE9141-7E8B-4932-B41D-5011C7B9D40F}.Release|Any CPU.ActiveCfg = Release|Any CPU
		{C3EE9141-7E8B-4932-B41D-5011C7B9D40F}.Release|Any CPU.Build.0 = Release|Any CPU
		{9FE20030-EC53-44C5-B2C9-4397AC825E49}.Debug|Any CPU.ActiveCfg = Debug|Any CPU
		{9FE20030-EC53-44C5-B2C9-4397AC825E49}.Debug|Any CPU.Build.0 = Debug|Any CPU
		{9FE20030-EC53-44C5-B2C9-4397AC825E49}.Release|Any CPU.ActiveCfg = Release|Any CPU
		{9FE20030-EC53-44C5-B2C9-4397AC825E49}.Release|Any CPU.Build.0 = Release|Any CPU
		{DE245007-5DB7-4779-BB14-AA8358EDEB23}.Debug|Any CPU.ActiveCfg = Debug|Any CPU
		{DE245007-5DB7-4779-BB14-AA8358EDEB23}.Debug|Any CPU.Build.0 = Debug|Any CPU
		{DE245007-5DB7-4779-BB14-AA8358EDEB23}.Release|Any CPU.ActiveCfg = Release|Any CPU
		{DE245007-5DB7-4779-BB14-AA8358EDEB23}.Release|Any CPU.Build.0 = Release|Any CPU
		{8ABBB4EB-CA98-4B68-8C9C-DCF359EDC1D9}.Debug|Any CPU.ActiveCfg = Debug|Any CPU
		{8ABBB4EB-CA98-4B68-8C9C-DCF359EDC1D9}.Debug|Any CPU.Build.0 = Debug|Any CPU
		{8ABBB4EB-CA98-4B68-8C9C-DCF359EDC1D9}.Release|Any CPU.ActiveCfg = Release|Any CPU
		{8ABBB4EB-CA98-4B68-8C9C-DCF359EDC1D9}.Release|Any CPU.Build.0 = Release|Any CPU
		{975C3BB9-3212-4643-B407-4A9633D4368B}.Debug|Any CPU.ActiveCfg = Debug|Any CPU
		{975C3BB9-3212-4643-B407-4A9633D4368B}.Debug|Any CPU.Build.0 = Debug|Any CPU
		{975C3BB9-3212-4643-B407-4A9633D4368B}.Release|Any CPU.ActiveCfg = Release|Any CPU
		{975C3BB9-3212-4643-B407-4A9633D4368B}.Release|Any CPU.Build.0 = Release|Any CPU
		{96EB3FD6-5AF4-4208-B5AE-54DD57BCAC91}.Debug|Any CPU.ActiveCfg = Debug|Any CPU
		{96EB3FD6-5AF4-4208-B5AE-54DD57BCAC91}.Debug|Any CPU.Build.0 = Debug|Any CPU
		{96EB3FD6-5AF4-4208-B5AE-54DD57BCAC91}.Release|Any CPU.ActiveCfg = Release|Any CPU
		{96EB3FD6-5AF4-4208-B5AE-54DD57BCAC91}.Release|Any CPU.Build.0 = Release|Any CPU
	EndGlobalSection
	GlobalSection(SolutionProperties) = preSolution
		HideSolutionNode = FALSE
	EndGlobalSection
EndGlobal
