
Microsoft Visual Studio Solution File, Format Version 12.00
# Visual Studio 14
VisualStudioVersion = 14.0.25420.1
MinimumVisualStudioVersion = 10.0.40219.1
Project("{FAE04EC0-301F-11D3-BF4B-00C04F79EFBC}") = "a", "a\a.csproj", "{14F8F777-BD96-4643-BE96-112D152E7CCD}"
EndProject
Project("{FAE04EC0-301F-11D3-BF4B-00C04F79EFBC}") = "b", "b\b.csproj", "{0E8695DF-708A-452E-8157-7AEE5BBF3578}"
EndProject
Global
	GlobalSection(SolutionConfigurationPlatforms) = preSolution
		Debug|Any CPU = Debug|Any CPU
		Release|Any CPU = Release|Any CPU
	EndGlobalSection
	GlobalSection(ProjectConfigurationPlatforms) = postSolution
		{14F8F777-BD96-4643-BE96-112D152E7CCD}.Debug|Any CPU.ActiveCfg = Debug|Any CPU
		{14F8F777-BD96-4643-BE96-112D152E7CCD}.Debug|Any CPU.Build.0 = Debug|Any CPU
		{14F8F777-BD96-4643-BE96-112D152E7CCD}.Release|Any CPU.ActiveCfg = Release|Any CPU
		{14F8F777-BD96-4643-BE96-112D152E7CCD}.Release|Any CPU.Build.0 = Release|Any CPU
		{0E8695DF-708A-452E-8157-7AEE5BBF3578}.Debug|Any CPU.ActiveCfg = Debug|Any CPU
		{0E8695DF-708A-452E-8157-7AEE5BBF3578}.Debug|Any CPU.Build.0 = Debug|Any CPU
		{0E8695DF-708A-452E-8157-7AEE5BBF3578}.Release|Any CPU.ActiveCfg = Release|Any CPU
		{0E8695DF-708A-452E-8157-7AEE5BBF3578}.Release|Any CPU.Build.0 = Release|Any CPU
	EndGlobalSection
	GlobalSection(SolutionProperties) = preSolution
		HideSolutionNode = FALSE
	EndGlobalSection
EndGlobal
