
Microsoft Visual Studio Solution File, Format Version 12.00
# Visual Studio 14
VisualStudioVersion = 14.0.25123.0
MinimumVisualStudioVersion = 10.0.40219.1
Project("{FAE04EC0-301F-11D3-BF4B-00C04F79EFBC}") = "a", "a\a.csproj", "{A2875357-6196-4880-962E-6660325EC89A}"
EndProject
Project("{FAE04EC0-301F-11D3-BF4B-00C04F79EFBC}") = "b", "b\b.csproj", "{FAE854E4-3B9C-4E25-B594-810EE0290C7C}"
EndProject
Project("{FAE04EC0-301F-11D3-BF4B-00C04F79EFBC}") = "c", "c\c.csproj", "{CD762A7A-5B89-4E0E-BB1E-63E3909C738F}"
EndProject
Global
	GlobalSection(SolutionConfigurationPlatforms) = preSolution
		Debug|Any CPU = Debug|Any CPU
		Release|Any CPU = Release|Any CPU
	EndGlobalSection
	GlobalSection(ProjectConfigurationPlatforms) = postSolution
		{A2875357-6196-4880-962E-6660325EC89A}.Debug|Any CPU.ActiveCfg = Debug|Any CPU
		{A2875357-6196-4880-962E-6660325EC89A}.Debug|Any CPU.Build.0 = Debug|Any CPU
		{A2875357-6196-4880-962E-6660325EC89A}.Release|Any CPU.ActiveCfg = Release|Any CPU
		{A2875357-6196-4880-962E-6660325EC89A}.Release|Any CPU.Build.0 = Release|Any CPU
		{FAE854E4-3B9C-4E25-B594-810EE0290C7C}.Debug|Any CPU.ActiveCfg = Debug|Any CPU
		{FAE854E4-3B9C-4E25-B594-810EE0290C7C}.Debug|Any CPU.Build.0 = Debug|Any CPU
		{FAE854E4-3B9C-4E25-B594-810EE0290C7C}.Release|Any CPU.ActiveCfg = Release|Any CPU
		{FAE854E4-3B9C-4E25-B594-810EE0290C7C}.Release|Any CPU.Build.0 = Release|Any CPU
		{CD762A7A-5B89-4E0E-BB1E-63E3909C738F}.Debug|Any CPU.ActiveCfg = Debug|Any CPU
		{CD762A7A-5B89-4E0E-BB1E-63E3909C738F}.Debug|Any CPU.Build.0 = Debug|Any CPU
		{CD762A7A-5B89-4E0E-BB1E-63E3909C738F}.Release|Any CPU.ActiveCfg = Release|Any CPU
		{CD762A7A-5B89-4E0E-BB1E-63E3909C738F}.Release|Any CPU.Build.0 = Release|Any CPU
	EndGlobalSection
	GlobalSection(SolutionProperties) = preSolution
		HideSolutionNode = FALSE
	EndGlobalSection
EndGlobal
