
Microsoft Visual Studio Solution File, Format Version 12.00
# Visual Studio 14
VisualStudioVersion = 14.0.25123.0
MinimumVisualStudioVersion = 10.0.40219.1
Project("{FAE04EC0-301F-11D3-BF4B-00C04F79EFBC}") = "2331", "2331\2331.csproj", "{3214913D-41B6-4FF0-AB05-5BDF5C3CE8DA}"
EndProject
Global
	GlobalSection(SolutionConfigurationPlatforms) = preSolution
		Debug|Any CPU = Debug|Any CPU
		Release|Any CPU = Release|Any CPU
	EndGlobalSection
	GlobalSection(ProjectConfigurationPlatforms) = postSolution
		{3214913D-41B6-4FF0-AB05-5BDF5C3CE8DA}.Debug|Any CPU.ActiveCfg = Debug|Any CPU
		{3214913D-41B6-4FF0-AB05-5BDF5C3CE8DA}.Debug|Any CPU.Build.0 = Debug|Any CPU
		{3214913D-41B6-4FF0-AB05-5BDF5C3CE8DA}.Release|Any CPU.ActiveCfg = Release|Any CPU
		{3214913D-41B6-4FF0-AB05-5BDF5C3CE8DA}.Release|Any CPU.Build.0 = Release|Any CPU
	EndGlobalSection
	GlobalSection(SolutionProperties) = preSolution
		HideSolutionNode = FALSE
	EndGlobalSection
EndGlobal
