
Microsoft Visual Studio Solution File, Format Version 12.00
# Visual Studio 14
VisualStudioVersion = 14.0.25420.1
MinimumVisualStudioVersion = 10.0.40219.1
Project("{FAE04EC0-301F-11D3-BF4B-00C04F79EFBC}") = "a", "a\a.csproj", "{4CA9B05B-0458-4ECC-B8D0-6F019EBC0042}"
EndProject
Project("{FAE04EC0-301F-11D3-BF4B-00C04F79EFBC}") = "b", "b\b.csproj", "{5B125149-E274-484E-BC9B-59D31A5979EF}"
EndProject
Project("{FAE04EC0-301F-11D3-BF4B-00C04F79EFBC}") = "c", "c\c.csproj", "{416F00FF-B349-46A5-9B66-43071B20D99C}"
EndProject
Project("{FAE04EC0-301F-11D3-BF4B-00C04F79EFBC}") = "d", "d\d.csproj", "{0BE410D4-E6AB-46B9-A34B-E29BB8A7A581}"
EndProject
Global
	GlobalSection(SolutionConfigurationPlatforms) = preSolution
		Debug|Any CPU = Debug|Any CPU
		Release|Any CPU = Release|Any CPU
	EndGlobalSection
	GlobalSection(ProjectConfigurationPlatforms) = postSolution
		{4CA9B05B-0458-4ECC-B8D0-6F019EBC0042}.Debug|Any CPU.ActiveCfg = Debug|Any CPU
		{4CA9B05B-0458-4ECC-B8D0-6F019EBC0042}.Debug|Any CPU.Build.0 = Debug|Any CPU
		{4CA9B05B-0458-4ECC-B8D0-6F019EBC0042}.Release|Any CPU.ActiveCfg = Release|Any CPU
		{4CA9B05B-0458-4ECC-B8D0-6F019EBC0042}.Release|Any CPU.Build.0 = Release|Any CPU
		{5B125149-E274-484E-BC9B-59D31A5979EF}.Debug|Any CPU.ActiveCfg = Debug|Any CPU
		{5B125149-E274-484E-BC9B-59D31A5979EF}.Debug|Any CPU.Build.0 = Debug|Any CPU
		{5B125149-E274-484E-BC9B-59D31A5979EF}.Release|Any CPU.ActiveCfg = Release|Any CPU
		{5B125149-E274-484E-BC9B-59D31A5979EF}.Release|Any CPU.Build.0 = Release|Any CPU
		{416F00FF-B349-46A5-9B66-43071B20D99C}.Debug|Any CPU.ActiveCfg = Debug|Any CPU
		{416F00FF-B349-46A5-9B66-43071B20D99C}.Debug|Any CPU.Build.0 = Debug|Any CPU
		{416F00FF-B349-46A5-9B66-43071B20D99C}.Release|Any CPU.ActiveCfg = Release|Any CPU
		{416F00FF-B349-46A5-9B66-43071B20D99C}.Release|Any CPU.Build.0 = Release|Any CPU
		{0BE410D4-E6AB-46B9-A34B-E29BB8A7A581}.Debug|Any CPU.ActiveCfg = Debug|Any CPU
		{0BE410D4-E6AB-46B9-A34B-E29BB8A7A581}.Debug|Any CPU.Build.0 = Debug|Any CPU
		{0BE410D4-E6AB-46B9-A34B-E29BB8A7A581}.Release|Any CPU.ActiveCfg = Release|Any CPU
		{0BE410D4-E6AB-46B9-A34B-E29BB8A7A581}.Release|Any CPU.Build.0 = Release|Any CPU
	EndGlobalSection
	GlobalSection(SolutionProperties) = preSolution
		HideSolutionNode = FALSE
	EndGlobalSection
EndGlobal
