
Microsoft Visual Studio Solution File, Format Version 12.00
# Visual Studio 14
VisualStudioVersion = 14.0.25123.0
MinimumVisualStudioVersion = 10.0.40219.1
Project("{FAE04EC0-301F-11D3-BF4B-00C04F79EFBC}") = "a", "a\a.csproj", "{84AAD43E-BDB6-4C50-9B0F-468968CED083}"
EndProject
Project("{FAE04EC0-301F-11D3-BF4B-00C04F79EFBC}") = "b", "b\b.csproj", "{6B9251CB-A9FD-45C3-80DC-E0C7E5D07B33}"
EndProject
Project("{FAE04EC0-301F-11D3-BF4B-00C04F79EFBC}") = "c", "c\c.csproj", "{8ADBBE74-0082-474C-B7B6-ECD89BD21D03}"
EndProject
Global
	GlobalSection(SolutionConfigurationPlatforms) = preSolution
		Debug|Any CPU = Debug|Any CPU
		Release|Any CPU = Release|Any CPU
	EndGlobalSection
	GlobalSection(ProjectConfigurationPlatforms) = postSolution
		{84AAD43E-BDB6-4C50-9B0F-468968CED083}.Debug|Any CPU.ActiveCfg = Debug|Any CPU
		{84AAD43E-BDB6-4C50-9B0F-468968CED083}.Debug|Any CPU.Build.0 = Debug|Any CPU
		{84AAD43E-BDB6-4C50-9B0F-468968CED083}.Release|Any CPU.ActiveCfg = Release|Any CPU
		{84AAD43E-BDB6-4C50-9B0F-468968CED083}.Release|Any CPU.Build.0 = Release|Any CPU
		{6B9251CB-A9FD-45C3-80DC-E0C7E5D07B33}.Debug|Any CPU.ActiveCfg = Debug|Any CPU
		{6B9251CB-A9FD-45C3-80DC-E0C7E5D07B33}.Debug|Any CPU.Build.0 = Debug|Any CPU
		{6B9251CB-A9FD-45C3-80DC-E0C7E5D07B33}.Release|Any CPU.ActiveCfg = Release|Any CPU
		{6B9251CB-A9FD-45C3-80DC-E0C7E5D07B33}.Release|Any CPU.Build.0 = Release|Any CPU
		{8ADBBE74-0082-474C-B7B6-ECD89BD21D03}.Debug|Any CPU.ActiveCfg = Debug|Any CPU
		{8ADBBE74-0082-474C-B7B6-ECD89BD21D03}.Debug|Any CPU.Build.0 = Debug|Any CPU
		{8ADBBE74-0082-474C-B7B6-ECD89BD21D03}.Release|Any CPU.ActiveCfg = Release|Any CPU
		{8ADBBE74-0082-474C-B7B6-ECD89BD21D03}.Release|Any CPU.Build.0 = Release|Any CPU
	EndGlobalSection
	GlobalSection(SolutionProperties) = preSolution
		HideSolutionNode = FALSE
	EndGlobalSection
EndGlobal
