
Microsoft Visual Studio Solution File, Format Version 12.00
# Visual Studio 14
VisualStudioVersion = 14.0.25123.0
MinimumVisualStudioVersion = 10.0.40219.1
Project("{FAE04EC0-301F-11D3-BF4B-00C04F79EFBC}") = "a", "a\a.csproj", "{43CC4701-B643-4F21-96F6-F5F73FCCB47A}"
EndProject
Project("{FAE04EC0-301F-11D3-BF4B-00C04F79EFBC}") = "b", "b\b.csproj", "{D905C951-4089-45A9-897C-75F836FC980B}"
EndProject
Global
	GlobalSection(SolutionConfigurationPlatforms) = preSolution
		Debug|Any CPU = Debug|Any CPU
		Release|Any CPU = Release|Any CPU
	EndGlobalSection
	GlobalSection(ProjectConfigurationPlatforms) = postSolution
		{43CC4701-B643-4F21-96F6-F5F73FCCB47A}.Debug|Any CPU.ActiveCfg = Debug|Any CPU
		{43CC4701-B643-4F21-96F6-F5F73FCCB47A}.Debug|Any CPU.Build.0 = Debug|Any CPU
		{43CC4701-B643-4F21-96F6-F5F73FCCB47A}.Release|Any CPU.ActiveCfg = Release|Any CPU
		{43CC4701-B643-4F21-96F6-F5F73FCCB47A}.Release|Any CPU.Build.0 = Release|Any CPU
		{D905C951-4089-45A9-897C-75F836FC980B}.Debug|Any CPU.ActiveCfg = Debug|Any CPU
		{D905C951-4089-45A9-897C-75F836FC980B}.Debug|Any CPU.Build.0 = Debug|Any CPU
		{D905C951-4089-45A9-897C-75F836FC980B}.Release|Any CPU.ActiveCfg = Release|Any CPU
		{D905C951-4089-45A9-897C-75F836FC980B}.Release|Any CPU.Build.0 = Release|Any CPU
	EndGlobalSection
	GlobalSection(SolutionProperties) = preSolution
		HideSolutionNode = FALSE
	EndGlobalSection
EndGlobal
