
Microsoft Visual Studio Solution File, Format Version 12.00
# Visual Studio 14
VisualStudioVersion = 14.0.25123.0
MinimumVisualStudioVersion = 10.0.40219.1
Project("{FAE04EC0-301F-11D3-BF4B-00C04F79EFBC}") = "a", "a\a.csproj", "{618AE4EC-DF84-4C66-8E83-5ECEA6636FD4}"
EndProject
Project("{FAE04EC0-301F-11D3-BF4B-00C04F79EFBC}") = "b", "b\b.csproj", "{4A729A89-E419-408F-84CD-25CF084E44C1}"
EndProject
Project("{FAE04EC0-301F-11D3-BF4B-00C04F79EFBC}") = "c", "c\c.csproj", "{7437D81B-A18C-4D20-93E6-D986E0654975}"
EndProject
Project("{FAE04EC0-301F-11D3-BF4B-00C04F79EFBC}") = "d", "d\d.csproj", "{1BB678A4-C258-45BF-A853-AAC2D09DC6C0}"
EndProject
Global
	GlobalSection(SolutionConfigurationPlatforms) = preSolution
		Debug|Any CPU = Debug|Any CPU
		Release|Any CPU = Release|Any CPU
	EndGlobalSection
	GlobalSection(ProjectConfigurationPlatforms) = postSolution
		{618AE4EC-DF84-4C66-8E83-5ECEA6636FD4}.Debug|Any CPU.ActiveCfg = Debug|Any CPU
		{618AE4EC-DF84-4C66-8E83-5ECEA6636FD4}.Debug|Any CPU.Build.0 = Debug|Any CPU
		{618AE4EC-DF84-4C66-8E83-5ECEA6636FD4}.Release|Any CPU.ActiveCfg = Release|Any CPU
		{618AE4EC-DF84-4C66-8E83-5ECEA6636FD4}.Release|Any CPU.Build.0 = Release|Any CPU
		{4A729A89-E419-408F-84CD-25CF084E44C1}.Debug|Any CPU.ActiveCfg = Debug|Any CPU
		{4A729A89-E419-408F-84CD-25CF084E44C1}.Debug|Any CPU.Build.0 = Debug|Any CPU
		{4A729A89-E419-408F-84CD-25CF084E44C1}.Release|Any CPU.ActiveCfg = Release|Any CPU
		{4A729A89-E419-408F-84CD-25CF084E44C1}.Release|Any CPU.Build.0 = Release|Any CPU
		{7437D81B-A18C-4D20-93E6-D986E0654975}.Debug|Any CPU.ActiveCfg = Debug|Any CPU
		{7437D81B-A18C-4D20-93E6-D986E0654975}.Debug|Any CPU.Build.0 = Debug|Any CPU
		{7437D81B-A18C-4D20-93E6-D986E0654975}.Release|Any CPU.ActiveCfg = Release|Any CPU
		{7437D81B-A18C-4D20-93E6-D986E0654975}.Release|Any CPU.Build.0 = Release|Any CPU
		{1BB678A4-C258-45BF-A853-AAC2D09DC6C0}.Debug|Any CPU.ActiveCfg = Debug|Any CPU
		{1BB678A4-C258-45BF-A853-AAC2D09DC6C0}.Debug|Any CPU.Build.0 = Debug|Any CPU
		{1BB678A4-C258-45BF-A853-AAC2D09DC6C0}.Release|Any CPU.ActiveCfg = Release|Any CPU
		{1BB678A4-C258-45BF-A853-AAC2D09DC6C0}.Release|Any CPU.Build.0 = Release|Any CPU
	EndGlobalSection
	GlobalSection(SolutionProperties) = preSolution
		HideSolutionNode = FALSE
	EndGlobalSection
EndGlobal
