
Microsoft Visual Studio Solution File, Format Version 12.00
# Visual Studio 14
VisualStudioVersion = 14.0.25420.1
MinimumVisualStudioVersion = 10.0.40219.1
Project("{FAE04EC0-301F-11D3-BF4B-00C04F79EFBC}") = "a", "a\a.csproj", "{568E0A23-514C-4EF2-A528-79868B81D251}"
EndProject
Project("{FAE04EC0-301F-11D3-BF4B-00C04F79EFBC}") = "b", "b\b.csproj", "{10B2637A-6948-443A-9813-AC8E3B90DBA0}"
EndProject
Project("{FAE04EC0-301F-11D3-BF4B-00C04F79EFBC}") = "c", "c\c.csproj", "{FD14CC6E-4557-418A-9D88-915F4FCFA928}"
EndProject
Global
	GlobalSection(SolutionConfigurationPlatforms) = preSolution
		Debug|Any CPU = Debug|Any CPU
		Release|Any CPU = Release|Any CPU
	EndGlobalSection
	GlobalSection(ProjectConfigurationPlatforms) = postSolution
		{568E0A23-514C-4EF2-A528-79868B81D251}.Debug|Any CPU.ActiveCfg = Debug|Any CPU
		{568E0A23-514C-4EF2-A528-79868B81D251}.Debug|Any CPU.Build.0 = Debug|Any CPU
		{568E0A23-514C-4EF2-A528-79868B81D251}.Release|Any CPU.ActiveCfg = Release|Any CPU
		{568E0A23-514C-4EF2-A528-79868B81D251}.Release|Any CPU.Build.0 = Release|Any CPU
		{10B2637A-6948-443A-9813-AC8E3B90DBA0}.Debug|Any CPU.ActiveCfg = Debug|Any CPU
		{10B2637A-6948-443A-9813-AC8E3B90DBA0}.Debug|Any CPU.Build.0 = Debug|Any CPU
		{10B2637A-6948-443A-9813-AC8E3B90DBA0}.Release|Any CPU.ActiveCfg = Release|Any CPU
		{10B2637A-6948-443A-9813-AC8E3B90DBA0}.Release|Any CPU.Build.0 = Release|Any CPU
		{FD14CC6E-4557-418A-9D88-915F4FCFA928}.Debug|Any CPU.ActiveCfg = Debug|Any CPU
		{FD14CC6E-4557-418A-9D88-915F4FCFA928}.Debug|Any CPU.Build.0 = Debug|Any CPU
		{FD14CC6E-4557-418A-9D88-915F4FCFA928}.Release|Any CPU.ActiveCfg = Release|Any CPU
		{FD14CC6E-4557-418A-9D88-915F4FCFA928}.Release|Any CPU.Build.0 = Release|Any CPU
	EndGlobalSection
	GlobalSection(SolutionProperties) = preSolution
		HideSolutionNode = FALSE
	EndGlobalSection
EndGlobal
