
Microsoft Visual Studio Solution File, Format Version 12.00
# Visual Studio 14
VisualStudioVersion = 14.0.25123.0
MinimumVisualStudioVersion = 10.0.40219.1
Project("{FAE04EC0-301F-11D3-BF4B-00C04F79EFBC}") = "a", "a\a.csproj", "{DE4D249B-FCC8-4BE1-A8E1-BC608E7B9068}"
EndProject
Project("{FAE04EC0-301F-11D3-BF4B-00C04F79EFBC}") = "b", "b\b.csproj", "{7C9E27A4-DED7-46EE-AD2D-55708BA4EA37}"
EndProject
Global
	GlobalSection(SolutionConfigurationPlatforms) = preSolution
		Debug|Any CPU = Debug|Any CPU
		Release|Any CPU = Release|Any CPU
	EndGlobalSection
	GlobalSection(ProjectConfigurationPlatforms) = postSolution
		{DE4D249B-FCC8-4BE1-A8E1-BC608E7B9068}.Debug|Any CPU.ActiveCfg = Debug|Any CPU
		{DE4D249B-FCC8-4BE1-A8E1-BC608E7B9068}.Debug|Any CPU.Build.0 = Debug|Any CPU
		{DE4D249B-FCC8-4BE1-A8E1-BC608E7B9068}.Release|Any CPU.ActiveCfg = Release|Any CPU
		{DE4D249B-FCC8-4BE1-A8E1-BC608E7B9068}.Release|Any CPU.Build.0 = Release|Any CPU
		{7C9E27A4-DED7-46EE-AD2D-55708BA4EA37}.Debug|Any CPU.ActiveCfg = Debug|Any CPU
		{7C9E27A4-DED7-46EE-AD2D-55708BA4EA37}.Debug|Any CPU.Build.0 = Debug|Any CPU
		{7C9E27A4-DED7-46EE-AD2D-55708BA4EA37}.Release|Any CPU.ActiveCfg = Release|Any CPU
		{7C9E27A4-DED7-46EE-AD2D-55708BA4EA37}.Release|Any CPU.Build.0 = Release|Any CPU
	EndGlobalSection
	GlobalSection(SolutionProperties) = preSolution
		HideSolutionNode = FALSE
	EndGlobalSection
EndGlobal
