
Microsoft Visual Studio Solution File, Format Version 12.00
# Visual Studio 14
VisualStudioVersion = 14.0.25420.1
MinimumVisualStudioVersion = 10.0.40219.1
Project("{FAE04EC0-301F-11D3-BF4B-00C04F79EFBC}") = "a", "a\a.csproj", "{9A225B3B-38EA-4972-A467-A41A4AB31325}"
EndProject
Project("{FAE04EC0-301F-11D3-BF4B-00C04F79EFBC}") = "b", "b\b.csproj", "{647007C1-6ED9-4996-881B-266F09C6A417}"
EndProject
Project("{FAE04EC0-301F-11D3-BF4B-00C04F79EFBC}") = "c", "c\c.csproj", "{0C0BD5BB-8EC7-4209-91AB-677759250473}"
EndProject
Global
	GlobalSection(SolutionConfigurationPlatforms) = preSolution
		Debug|Any CPU = Debug|Any CPU
		Release|Any CPU = Release|Any CPU
	EndGlobalSection
	GlobalSection(ProjectConfigurationPlatforms) = postSolution
		{9A225B3B-38EA-4972-A467-A41A4AB31325}.Debug|Any CPU.ActiveCfg = Debug|Any CPU
		{9A225B3B-38EA-4972-A467-A41A4AB31325}.Debug|Any CPU.Build.0 = Debug|Any CPU
		{9A225B3B-38EA-4972-A467-A41A4AB31325}.Release|Any CPU.ActiveCfg = Release|Any CPU
		{9A225B3B-38EA-4972-A467-A41A4AB31325}.Release|Any CPU.Build.0 = Release|Any CPU
		{647007C1-6ED9-4996-881B-266F09C6A417}.Debug|Any CPU.ActiveCfg = Debug|Any CPU
		{647007C1-6ED9-4996-881B-266F09C6A417}.Debug|Any CPU.Build.0 = Debug|Any CPU
		{647007C1-6ED9-4996-881B-266F09C6A417}.Release|Any CPU.ActiveCfg = Release|Any CPU
		{647007C1-6ED9-4996-881B-266F09C6A417}.Release|Any CPU.Build.0 = Release|Any CPU
		{0C0BD5BB-8EC7-4209-91AB-677759250473}.Debug|Any CPU.ActiveCfg = Debug|Any CPU
		{0C0BD5BB-8EC7-4209-91AB-677759250473}.Debug|Any CPU.Build.0 = Debug|Any CPU
		{0C0BD5BB-8EC7-4209-91AB-677759250473}.Release|Any CPU.ActiveCfg = Release|Any CPU
		{0C0BD5BB-8EC7-4209-91AB-677759250473}.Release|Any CPU.Build.0 = Release|Any CPU
	EndGlobalSection
	GlobalSection(SolutionProperties) = preSolution
		HideSolutionNode = FALSE
	EndGlobalSection
EndGlobal
