
Microsoft Visual Studio Solution File, Format Version 12.00
# Visual Studio 14
VisualStudioVersion = 14.0.25420.1
MinimumVisualStudioVersion = 10.0.40219.1
Project("{FAE04EC0-301F-11D3-BF4B-00C04F79EFBC}") = "a", "a\a.csproj", "{19E96B28-FD91-4DED-B64C-E37F56DC7E90}"
EndProject
Project("{FAE04EC0-301F-11D3-BF4B-00C04F79EFBC}") = "b", "b\b.csproj", "{375A0BD6-96AB-4F65-AE10-8ACEF68FF5D3}"
EndProject
Global
	GlobalSection(SolutionConfigurationPlatforms) = preSolution
		Debug|Any CPU = Debug|Any CPU
		Release|Any CPU = Release|Any CPU
	EndGlobalSection
	GlobalSection(ProjectConfigurationPlatforms) = postSolution
		{19E96B28-FD91-4DED-B64C-E37F56DC7E90}.Debug|Any CPU.ActiveCfg = Debug|Any CPU
		{19E96B28-FD91-4DED-B64C-E37F56DC7E90}.Debug|Any CPU.Build.0 = Debug|Any CPU
		{19E96B28-FD91-4DED-B64C-E37F56DC7E90}.Release|Any CPU.ActiveCfg = Release|Any CPU
		{19E96B28-FD91-4DED-B64C-E37F56DC7E90}.Release|Any CPU.Build.0 = Release|Any CPU
		{375A0BD6-96AB-4F65-AE10-8ACEF68FF5D3}.Debug|Any CPU.ActiveCfg = Debug|Any CPU
		{375A0BD6-96AB-4F65-AE10-8ACEF68FF5D3}.Debug|Any CPU.Build.0 = Debug|Any CPU
		{375A0BD6-96AB-4F65-AE10-8ACEF68FF5D3}.Release|Any CPU.ActiveCfg = Release|Any CPU
		{375A0BD6-96AB-4F65-AE10-8ACEF68FF5D3}.Release|Any CPU.Build.0 = Release|Any CPU
	EndGlobalSection
	GlobalSection(SolutionProperties) = preSolution
		HideSolutionNode = FALSE
	EndGlobalSection
EndGlobal
