
Microsoft Visual Studio Solution File, Format Version 12.00
# Visual Studio 14
VisualStudioVersion = 14.0.25420.1
MinimumVisualStudioVersion = 10.0.40219.1
Project("{FAE04EC0-301F-11D3-BF4B-00C04F79EFBC}") = "1356", "1356\1356.csproj", "{18B084EF-9AAD-4F05-9F6C-2426B5DE3A6F}"
EndProject
Project("{FAE04EC0-301F-11D3-BF4B-00C04F79EFBC}") = "1357", "1357\1357.csproj", "{64A2AB97-7A02-4BC6-8C4E-DAD72AC32A25}"
EndProject
Project("{FAE04EC0-301F-11D3-BF4B-00C04F79EFBC}") = "1306", "1306\1306.csproj", "{C8B8DA10-ADDD-4C99-9B60-187F39F518D9}"
EndProject
Project("{FAE04EC0-301F-11D3-BF4B-00C04F79EFBC}") = "1305", "1305\1305.csproj", "{6648CB04-BC01-4D79-A2A7-CC011EFA1F8F}"
Project("{FAE04EC0-301F-11D3-BF4B-00C04F79EFBC}") = "1315", "1315\1315.csproj", "{2C249C5D-F349-470A-A8D9-11F72645D490}"
EndProject
Global
	GlobalSection(SolutionConfigurationPlatforms) = preSolution
		Debug|Any CPU = Debug|Any CPU
		Release|Any CPU = Release|Any CPU
	EndGlobalSection
	GlobalSection(ProjectConfigurationPlatforms) = postSolution
		{18B084EF-9AAD-4F05-9F6C-2426B5DE3A6F}.Debug|Any CPU.ActiveCfg = Debug|Any CPU
		{18B084EF-9AAD-4F05-9F6C-2426B5DE3A6F}.Debug|Any CPU.Build.0 = Debug|Any CPU
		{18B084EF-9AAD-4F05-9F6C-2426B5DE3A6F}.Release|Any CPU.ActiveCfg = Release|Any CPU
		{18B084EF-9AAD-4F05-9F6C-2426B5DE3A6F}.Release|Any CPU.Build.0 = Release|Any CPU
		{64A2AB97-7A02-4BC6-8C4E-DAD72AC32A25}.Debug|Any CPU.ActiveCfg = Debug|Any CPU
		{64A2AB97-7A02-4BC6-8C4E-DAD72AC32A25}.Debug|Any CPU.Build.0 = Debug|Any CPU
		{64A2AB97-7A02-4BC6-8C4E-DAD72AC32A25}.Release|Any CPU.ActiveCfg = Release|Any CPU
		{64A2AB97-7A02-4BC6-8C4E-DAD72AC32A25}.Release|Any CPU.Build.0 = Release|Any CPU
		{C8B8DA10-ADDD-4C99-9B60-187F39F518D9}.Debug|Any CPU.ActiveCfg = Debug|Any CPU
		{C8B8DA10-ADDD-4C99-9B60-187F39F518D9}.Debug|Any CPU.Build.0 = Debug|Any CPU
		{C8B8DA10-ADDD-4C99-9B60-187F39F518D9}.Release|Any CPU.ActiveCfg = Release|Any CPU
		{C8B8DA10-ADDD-4C99-9B60-187F39F518D9}.Release|Any CPU.Build.0 = Release|Any CPU
		{6648CB04-BC01-4D79-A2A7-CC011EFA1F8F}.Debug|Any CPU.ActiveCfg = Debug|Any CPU
		{6648CB04-BC01-4D79-A2A7-CC011EFA1F8F}.Debug|Any CPU.Build.0 = Debug|Any CPU
		{6648CB04-BC01-4D79-A2A7-CC011EFA1F8F}.Release|Any CPU.ActiveCfg = Release|Any CPU
		{6648CB04-BC01-4D79-A2A7-CC011EFA1F8F}.Release|Any CPU.Build.0 = Release|Any CPU
		{2C249C5D-F349-470A-A8D9-11F72645D490}.Debug|Any CPU.ActiveCfg = Debug|Any CPU
		{2C249C5D-F349-470A-A8D9-11F72645D490}.Debug|Any CPU.Build.0 = Debug|Any CPU
		{2C249C5D-F349-470A-A8D9-11F72645D490}.Release|Any CPU.ActiveCfg = Release|Any CPU
		{2C249C5D-F349-470A-A8D9-11F72645D490}.Release|Any CPU.Build.0 = Release|Any CPU
	EndGlobalSection
	GlobalSection(SolutionProperties) = preSolution
		HideSolutionNode = FALSE
	EndGlobalSection
EndGlobal
