
Microsoft Visual Studio Solution File, Format Version 12.00
# Visual Studio 14
VisualStudioVersion = 14.0.25420.1
MinimumVisualStudioVersion = 10.0.40219.1
Project("{FAE04EC0-301F-11D3-BF4B-00C04F79EFBC}") = "1356", "1356\1356.csproj", "{18B084EF-9AAD-4F05-9F6C-2426B5DE3A6F}"
EndProject
Project("{FAE04EC0-301F-11D3-BF4B-00C04F79EFBC}") = "1357", "1357\1357.csproj", "{64A2AB97-7A02-4BC6-8C4E-DAD72AC32A25}"
EndProject
Project("{FAE04EC0-301F-11D3-BF4B-00C04F79EFBC}") = "1306", "1306\1306.csproj", "{C8B8DA10-ADDD-4C99-9B60-187F39F518D9}"
EndProject
Project("{FAE04EC0-301F-11D3-BF4B-00C04F79EFBC}") = "1305", "1305\1305.csproj", "{6648CB04-BC01-4D79-A2A7-CC011EFA1F8F}"
EndProject
Project("{FAE04EC0-301F-11D3-BF4B-00C04F79EFBC}") = "1315", "1315\1315.csproj", "{2C249C5D-F349-470A-A8D9-11F72645D490}"
EndProject
Project("{FAE04EC0-301F-11D3-BF4B-00C04F79EFBC}") = "1347", "1347\1347.csproj", "{5CE50948-D684-45CB-AADE-EA168C479663}"
EndProject
Project("{FAE04EC0-301F-11D3-BF4B-00C04F79EFBC}") = "1326", "1326\1326.csproj", "{623902C6-ADDA-4640-8023-1F51F01AE3B9}"
EndProject
Project("{FAE04EC0-301F-11D3-BF4B-00C04F79EFBC}") = "1367", "1367\1367.csproj", "{F6B7B49F-DD9E-465B-A2D1-08D672A905F6}"
EndProject
Project("{FAE04EC0-301F-11D3-BF4B-00C04F79EFBC}") = "1368", "1368\1368.csproj", "{CEF32170-8AD0-4D4E-9D45-A3EBF31DC7B4}"
EndProject
Project("{FAE04EC0-301F-11D3-BF4B-00C04F79EFBC}") = "1369", "1369\1369.csproj", "{A1C32057-D230-4FC4-8E33-0F34056F3ECB}"
EndProject
Global
	GlobalSection(SolutionConfigurationPlatforms) = preSolution
		Debug|Any CPU = Debug|Any CPU
		Release|Any CPU = Release|Any CPU
	EndGlobalSection
	GlobalSection(ProjectConfigurationPlatforms) = postSolution
		{18B084EF-9AAD-4F05-9F6C-2426B5DE3A6F}.Debug|Any CPU.ActiveCfg = Debug|Any CPU
		{18B084EF-9AAD-4F05-9F6C-2426B5DE3A6F}.Debug|Any CPU.Build.0 = Debug|Any CPU
		{18B084EF-9AAD-4F05-9F6C-2426B5DE3A6F}.Release|Any CPU.ActiveCfg = Release|Any CPU
		{18B084EF-9AAD-4F05-9F6C-2426B5DE3A6F}.Release|Any CPU.Build.0 = Release|Any CPU
		{64A2AB97-7A02-4BC6-8C4E-DAD72AC32A25}.Debug|Any CPU.ActiveCfg = Debug|Any CPU
		{64A2AB97-7A02-4BC6-8C4E-DAD72AC32A25}.Debug|Any CPU.Build.0 = Debug|Any CPU
		{64A2AB97-7A02-4BC6-8C4E-DAD72AC32A25}.Release|Any CPU.ActiveCfg = Release|Any CPU
		{64A2AB97-7A02-4BC6-8C4E-DAD72AC32A25}.Release|Any CPU.Build.0 = Release|Any CPU
		{C8B8DA10-ADDD-4C99-9B60-187F39F518D9}.Debug|Any CPU.ActiveCfg = Debug|Any CPU
		{C8B8DA10-ADDD-4C99-9B60-187F39F518D9}.Debug|Any CPU.Build.0 = Debug|Any CPU
		{C8B8DA10-ADDD-4C99-9B60-187F39F518D9}.Release|Any CPU.ActiveCfg = Release|Any CPU
		{C8B8DA10-ADDD-4C99-9B60-187F39F518D9}.Release|Any CPU.Build.0 = Release|Any CPU
		{6648CB04-BC01-4D79-A2A7-CC011EFA1F8F}.Debug|Any CPU.ActiveCfg = Debug|Any CPU
		{6648CB04-BC01-4D79-A2A7-CC011EFA1F8F}.Debug|Any CPU.Build.0 = Debug|Any CPU
		{6648CB04-BC01-4D79-A2A7-CC011EFA1F8F}.Release|Any CPU.ActiveCfg = Release|Any CPU
		{6648CB04-BC01-4D79-A2A7-CC011EFA1F8F}.Release|Any CPU.Build.0 = Release|Any CPU
		{2C249C5D-F349-470A-A8D9-11F72645D490}.Debug|Any CPU.ActiveCfg = Debug|Any CPU
		{2C249C5D-F349-470A-A8D9-11F72645D490}.Debug|Any CPU.Build.0 = Debug|Any CPU
		{2C249C5D-F349-470A-A8D9-11F72645D490}.Release|Any CPU.ActiveCfg = Release|Any CPU
		{2C249C5D-F349-470A-A8D9-11F72645D490}.Release|Any CPU.Build.0 = Release|Any CPU
		{5CE50948-D684-45CB-AADE-EA168C479663}.Debug|Any CPU.ActiveCfg = Debug|Any CPU
		{5CE50948-D684-45CB-AADE-EA168C479663}.Debug|Any CPU.Build.0 = Debug|Any CPU
		{5CE50948-D684-45CB-AADE-EA168C479663}.Release|Any CPU.ActiveCfg = Release|Any CPU
		{5CE50948-D684-45CB-AADE-EA168C479663}.Release|Any CPU.Build.0 = Release|Any CPU
		{623902C6-ADDA-4640-8023-1F51F01AE3B9}.Debug|Any CPU.ActiveCfg = Debug|Any CPU
		{623902C6-ADDA-4640-8023-1F51F01AE3B9}.Debug|Any CPU.Build.0 = Debug|Any CPU
		{623902C6-ADDA-4640-8023-1F51F01AE3B9}.Release|Any CPU.ActiveCfg = Release|Any CPU
		{623902C6-ADDA-4640-8023-1F51F01AE3B9}.Release|Any CPU.Build.0 = Release|Any CPU
		{F6B7B49F-DD9E-465B-A2D1-08D672A905F6}.Debug|Any CPU.ActiveCfg = Debug|Any CPU
		{F6B7B49F-DD9E-465B-A2D1-08D672A905F6}.Debug|Any CPU.Build.0 = Debug|Any CPU
		{F6B7B49F-DD9E-465B-A2D1-08D672A905F6}.Release|Any CPU.ActiveCfg = Release|Any CPU
		{F6B7B49F-DD9E-465B-A2D1-08D672A905F6}.Release|Any CPU.Build.0 = Release|Any CPU
		{CEF32170-8AD0-4D4E-9D45-A3EBF31DC7B4}.Debug|Any CPU.ActiveCfg = Debug|Any CPU
		{CEF32170-8AD0-4D4E-9D45-A3EBF31DC7B4}.Debug|Any CPU.Build.0 = Debug|Any CPU
		{CEF32170-8AD0-4D4E-9D45-A3EBF31DC7B4}.Release|Any CPU.ActiveCfg = Release|Any CPU
		{CEF32170-8AD0-4D4E-9D45-A3EBF31DC7B4}.Release|Any CPU.Build.0 = Release|Any CPU
		{A1C32057-D230-4FC4-8E33-0F34056F3ECB}.Debug|Any CPU.ActiveCfg = Debug|Any CPU
		{A1C32057-D230-4FC4-8E33-0F34056F3ECB}.Debug|Any CPU.Build.0 = Debug|Any CPU
		{A1C32057-D230-4FC4-8E33-0F34056F3ECB}.Release|Any CPU.ActiveCfg = Release|Any CPU
		{A1C32057-D230-4FC4-8E33-0F34056F3ECB}.Release|Any CPU.Build.0 = Release|Any CPU
	EndGlobalSection
	GlobalSection(SolutionProperties) = preSolution
		HideSolutionNode = FALSE
	EndGlobalSection
EndGlobal
