
Microsoft Visual Studio Solution File, Format Version 12.00
# Visual Studio 14
VisualStudioVersion = 14.0.25420.1
MinimumVisualStudioVersion = 10.0.40219.1
Project("{FAE04EC0-301F-11D3-BF4B-00C04F79EFBC}") = "2699", "2699\2699.csproj", "{0C3458AA-8CCD-4843-BD8F-97CF9E41513F}"
EndProject
Project("{FAE04EC0-301F-11D3-BF4B-00C04F79EFBC}") = "2641", "2641\2641.csproj", "{05BBF8A7-187E-47F3-84D2-541B34CDF2A9}"
EndProject
Project("{FAE04EC0-301F-11D3-BF4B-00C04F79EFBC}") = "2642", "2642\2642.csproj", "{904DCD29-846C-4E4A-93FF-34AD6C606E45}"
EndProject
Project("{FAE04EC0-301F-11D3-BF4B-00C04F79EFBC}") = "2629", "2629\2629.csproj", "{30277F40-8AD9-413B-8B10-4A26E84D4F95}"
EndProject
Global
	GlobalSection(SolutionConfigurationPlatforms) = preSolution
		Debug|Any CPU = Debug|Any CPU
		Release|Any CPU = Release|Any CPU
	EndGlobalSection
	GlobalSection(ProjectConfigurationPlatforms) = postSolution
		{0C3458AA-8CCD-4843-BD8F-97CF9E41513F}.Debug|Any CPU.ActiveCfg = Debug|Any CPU
		{0C3458AA-8CCD-4843-BD8F-97CF9E41513F}.Debug|Any CPU.Build.0 = Debug|Any CPU
		{0C3458AA-8CCD-4843-BD8F-97CF9E41513F}.Release|Any CPU.ActiveCfg = Release|Any CPU
		{0C3458AA-8CCD-4843-BD8F-97CF9E41513F}.Release|Any CPU.Build.0 = Release|Any CPU
		{05BBF8A7-187E-47F3-84D2-541B34CDF2A9}.Debug|Any CPU.ActiveCfg = Debug|Any CPU
		{05BBF8A7-187E-47F3-84D2-541B34CDF2A9}.Debug|Any CPU.Build.0 = Debug|Any CPU
		{05BBF8A7-187E-47F3-84D2-541B34CDF2A9}.Release|Any CPU.ActiveCfg = Release|Any CPU
		{05BBF8A7-187E-47F3-84D2-541B34CDF2A9}.Release|Any CPU.Build.0 = Release|Any CPU
		{904DCD29-846C-4E4A-93FF-34AD6C606E45}.Debug|Any CPU.ActiveCfg = Debug|Any CPU
		{904DCD29-846C-4E4A-93FF-34AD6C606E45}.Debug|Any CPU.Build.0 = Debug|Any CPU
		{904DCD29-846C-4E4A-93FF-34AD6C606E45}.Release|Any CPU.ActiveCfg = Release|Any CPU
		{904DCD29-846C-4E4A-93FF-34AD6C606E45}.Release|Any CPU.Build.0 = Release|Any CPU
		{30277F40-8AD9-413B-8B10-4A26E84D4F95}.Debug|Any CPU.ActiveCfg = Debug|Any CPU
		{30277F40-8AD9-413B-8B10-4A26E84D4F95}.Debug|Any CPU.Build.0 = Debug|Any CPU
		{30277F40-8AD9-413B-8B10-4A26E84D4F95}.Release|Any CPU.ActiveCfg = Release|Any CPU
		{30277F40-8AD9-413B-8B10-4A26E84D4F95}.Release|Any CPU.Build.0 = Release|Any CPU
	EndGlobalSection
	GlobalSection(SolutionProperties) = preSolution
		HideSolutionNode = FALSE
	EndGlobalSection
EndGlobal
