
Microsoft Visual Studio Solution File, Format Version 12.00
# Visual Studio 14
VisualStudioVersion = 14.0.25123.0
MinimumVisualStudioVersion = 10.0.40219.1
Project("{FAE04EC0-301F-11D3-BF4B-00C04F79EFBC}") = "a", "a\a.csproj", "{019A8315-B70C-4871-A0AE-19AE2669ABE0}"
EndProject
Project("{FAE04EC0-301F-11D3-BF4B-00C04F79EFBC}") = "b", "b\b.csproj", "{1707211A-494D-4295-9CA9-7883FBF8396F}"
EndProject
Global
	GlobalSection(SolutionConfigurationPlatforms) = preSolution
		Debug|Any CPU = Debug|Any CPU
		Release|Any CPU = Release|Any CPU
	EndGlobalSection
	GlobalSection(ProjectConfigurationPlatforms) = postSolution
		{019A8315-B70C-4871-A0AE-19AE2669ABE0}.Debug|Any CPU.ActiveCfg = Debug|Any CPU
		{019A8315-B70C-4871-A0AE-19AE2669ABE0}.Debug|Any CPU.Build.0 = Debug|Any CPU
		{019A8315-B70C-4871-A0AE-19AE2669ABE0}.Release|Any CPU.ActiveCfg = Release|Any CPU
		{019A8315-B70C-4871-A0AE-19AE2669ABE0}.Release|Any CPU.Build.0 = Release|Any CPU
		{1707211A-494D-4295-9CA9-7883FBF8396F}.Debug|Any CPU.ActiveCfg = Debug|Any CPU
		{1707211A-494D-4295-9CA9-7883FBF8396F}.Debug|Any CPU.Build.0 = Debug|Any CPU
		{1707211A-494D-4295-9CA9-7883FBF8396F}.Release|Any CPU.ActiveCfg = Release|Any CPU
		{1707211A-494D-4295-9CA9-7883FBF8396F}.Release|Any CPU.Build.0 = Release|Any CPU
	EndGlobalSection
	GlobalSection(SolutionProperties) = preSolution
		HideSolutionNode = FALSE
	EndGlobalSection
EndGlobal
