
Microsoft Visual Studio Solution File, Format Version 12.00
# Visual Studio 15
VisualStudioVersion = 15.0.28010.2048
MinimumVisualStudioVersion = 10.0.40219.1
Project("{FAE04EC0-301F-11D3-BF4B-00C04F79EFBC}") = "a", "a\a.csproj", "{5BBF3D59-B7A4-4F56-ABD6-DAE7FAE78661}"
EndProject
Project("{FAE04EC0-301F-11D3-BF4B-00C04F79EFBC}") = "b", "b\b.csproj", "{4973B6B4-B5E8-43E9-9277-E7C9C51AFE5F}"
EndProject
Project("{FAE04EC0-301F-11D3-BF4B-00C04F79EFBC}") = "c", "c\c.csproj", "{63AB085D-DAC6-43AE-905B-E9E37BB4A591}"
EndProject
Project("{FAE04EC0-301F-11D3-BF4B-00C04F79EFBC}") = "d", "d\d.csproj", "{4E8FB68B-EF04-4024-9E0F-D01F6EBCE4D8}"
EndProject
Project("{FAE04EC0-301F-11D3-BF4B-00C04F79EFBC}") = "e", "e\e.csproj", "{DB617697-EA50-4435-B398-BC277965BE5F}"
EndProject
Global
	GlobalSection(SolutionConfigurationPlatforms) = preSolution
		Debug|Any CPU = Debug|Any CPU
		Release|Any CPU = Release|Any CPU
	EndGlobalSection
	GlobalSection(ProjectConfigurationPlatforms) = postSolution
		{5BBF3D59-B7A4-4F56-ABD6-DAE7FAE78661}.Debug|Any CPU.ActiveCfg = Debug|Any CPU
		{5BBF3D59-B7A4-4F56-ABD6-DAE7FAE78661}.Debug|Any CPU.Build.0 = Debug|Any CPU
		{5BBF3D59-B7A4-4F56-ABD6-DAE7FAE78661}.Release|Any CPU.ActiveCfg = Release|Any CPU
		{5BBF3D59-B7A4-4F56-ABD6-DAE7FAE78661}.Release|Any CPU.Build.0 = Release|Any CPU
		{4973B6B4-B5E8-43E9-9277-E7C9C51AFE5F}.Debug|Any CPU.ActiveCfg = Debug|Any CPU
		{4973B6B4-B5E8-43E9-9277-E7C9C51AFE5F}.Debug|Any CPU.Build.0 = Debug|Any CPU
		{4973B6B4-B5E8-43E9-9277-E7C9C51AFE5F}.Release|Any CPU.ActiveCfg = Release|Any CPU
		{4973B6B4-B5E8-43E9-9277-E7C9C51AFE5F}.Release|Any CPU.Build.0 = Release|Any CPU
		{63AB085D-DAC6-43AE-905B-E9E37BB4A591}.Debug|Any CPU.ActiveCfg = Debug|Any CPU
		{63AB085D-DAC6-43AE-905B-E9E37BB4A591}.Debug|Any CPU.Build.0 = Debug|Any CPU
		{63AB085D-DAC6-43AE-905B-E9E37BB4A591}.Release|Any CPU.ActiveCfg = Release|Any CPU
		{63AB085D-DAC6-43AE-905B-E9E37BB4A591}.Release|Any CPU.Build.0 = Release|Any CPU
		{4E8FB68B-EF04-4024-9E0F-D01F6EBCE4D8}.Debug|Any CPU.ActiveCfg = Debug|Any CPU
		{4E8FB68B-EF04-4024-9E0F-D01F6EBCE4D8}.Debug|Any CPU.Build.0 = Debug|Any CPU
		{4E8FB68B-EF04-4024-9E0F-D01F6EBCE4D8}.Release|Any CPU.ActiveCfg = Release|Any CPU
		{4E8FB68B-EF04-4024-9E0F-D01F6EBCE4D8}.Release|Any CPU.Build.0 = Release|Any CPU
		{DB617697-EA50-4435-B398-BC277965BE5F}.Debug|Any CPU.ActiveCfg = Debug|Any CPU
		{DB617697-EA50-4435-B398-BC277965BE5F}.Debug|Any CPU.Build.0 = Debug|Any CPU
		{DB617697-EA50-4435-B398-BC277965BE5F}.Release|Any CPU.ActiveCfg = Release|Any CPU
		{DB617697-EA50-4435-B398-BC277965BE5F}.Release|Any CPU.Build.0 = Release|Any CPU
	EndGlobalSection
	GlobalSection(SolutionProperties) = preSolution
		HideSolutionNode = FALSE
	EndGlobalSection
	GlobalSection(ExtensibilityGlobals) = postSolution
		SolutionGuid = {8BCAE9AF-FE0D-44B6-816F-BD4BD6ACDE64}
	EndGlobalSection
EndGlobal
