
Microsoft Visual Studio Solution File, Format Version 12.00
# Visual Studio 14
VisualStudioVersion = 14.0.25123.0
MinimumVisualStudioVersion = 10.0.40219.1
Project("{FAE04EC0-301F-11D3-BF4B-00C04F79EFBC}") = "a", "a\a.csproj", "{CF385874-AF69-4973-A7C5-5DB90776E99A}"
EndProject
Project("{FAE04EC0-301F-11D3-BF4B-00C04F79EFBC}") = "b", "b\b.csproj", "{B99608D5-9C3F-4B36-A9F7-90F80BF8AFB8}"
EndProject
Global
	GlobalSection(SolutionConfigurationPlatforms) = preSolution
		Debug|Any CPU = Debug|Any CPU
		Release|Any CPU = Release|Any CPU
	EndGlobalSection
	GlobalSection(ProjectConfigurationPlatforms) = postSolution
		{CF385874-AF69-4973-A7C5-5DB90776E99A}.Debug|Any CPU.ActiveCfg = Debug|Any CPU
		{CF385874-AF69-4973-A7C5-5DB90776E99A}.Debug|Any CPU.Build.0 = Debug|Any CPU
		{CF385874-AF69-4973-A7C5-5DB90776E99A}.Release|Any CPU.ActiveCfg = Release|Any CPU
		{CF385874-AF69-4973-A7C5-5DB90776E99A}.Release|Any CPU.Build.0 = Release|Any CPU
		{B99608D5-9C3F-4B36-A9F7-90F80BF8AFB8}.Debug|Any CPU.ActiveCfg = Debug|Any CPU
		{B99608D5-9C3F-4B36-A9F7-90F80BF8AFB8}.Debug|Any CPU.Build.0 = Debug|Any CPU
		{B99608D5-9C3F-4B36-A9F7-90F80BF8AFB8}.Release|Any CPU.ActiveCfg = Release|Any CPU
		{B99608D5-9C3F-4B36-A9F7-90F80BF8AFB8}.Release|Any CPU.Build.0 = Release|Any CPU
	EndGlobalSection
	GlobalSection(SolutionProperties) = preSolution
		HideSolutionNode = FALSE
	EndGlobalSection
EndGlobal
