
Microsoft Visual Studio Solution File, Format Version 12.00
# Visual Studio 14
VisualStudioVersion = 14.0.25420.1
MinimumVisualStudioVersion = 10.0.40219.1
Project("{FAE04EC0-301F-11D3-BF4B-00C04F79EFBC}") = "a", "a\a.csproj", "{20AD1DD0-67A9-4D54-965D-7A5A12944648}"
EndProject
Project("{FAE04EC0-301F-11D3-BF4B-00C04F79EFBC}") = "b", "b\b.csproj", "{8037626F-1DD5-4E8A-BE59-5B905963E0A1}"
EndProject
Global
	GlobalSection(SolutionConfigurationPlatforms) = preSolution
		Debug|Any CPU = Debug|Any CPU
		Release|Any CPU = Release|Any CPU
	EndGlobalSection
	GlobalSection(ProjectConfigurationPlatforms) = postSolution
		{20AD1DD0-67A9-4D54-965D-7A5A12944648}.Debug|Any CPU.ActiveCfg = Debug|Any CPU
		{20AD1DD0-67A9-4D54-965D-7A5A12944648}.Debug|Any CPU.Build.0 = Debug|Any CPU
		{20AD1DD0-67A9-4D54-965D-7A5A12944648}.Release|Any CPU.ActiveCfg = Release|Any CPU
		{20AD1DD0-67A9-4D54-965D-7A5A12944648}.Release|Any CPU.Build.0 = Release|Any CPU
		{8037626F-1DD5-4E8A-BE59-5B905963E0A1}.Debug|Any CPU.ActiveCfg = Debug|Any CPU
		{8037626F-1DD5-4E8A-BE59-5B905963E0A1}.Debug|Any CPU.Build.0 = Debug|Any CPU
		{8037626F-1DD5-4E8A-BE59-5B905963E0A1}.Release|Any CPU.ActiveCfg = Release|Any CPU
		{8037626F-1DD5-4E8A-BE59-5B905963E0A1}.Release|Any CPU.Build.0 = Release|Any CPU
	EndGlobalSection
	GlobalSection(SolutionProperties) = preSolution
		HideSolutionNode = FALSE
	EndGlobalSection
EndGlobal
