
Microsoft Visual Studio Solution File, Format Version 12.00
# Visual Studio 14
VisualStudioVersion = 14.0.25420.1
MinimumVisualStudioVersion = 10.0.40219.1
Project("{FAE04EC0-301F-11D3-BF4B-00C04F79EFBC}") = "a", "a\a.csproj", "{DF03B169-AA23-439A-8D35-CEEE085B0C7C}"
EndProject
Project("{FAE04EC0-301F-11D3-BF4B-00C04F79EFBC}") = "b", "b\b.csproj", "{B113FAA5-0A01-4674-BB64-F0538AFFB7C3}"
EndProject
Project("{FAE04EC0-301F-11D3-BF4B-00C04F79EFBC}") = "c", "c\c.csproj", "{31580880-A0C4-4CBF-8A53-4446441B251F}"
EndProject
Global
	GlobalSection(SolutionConfigurationPlatforms) = preSolution
		Debug|Any CPU = Debug|Any CPU
		Release|Any CPU = Release|Any CPU
	EndGlobalSection
	GlobalSection(ProjectConfigurationPlatforms) = postSolution
		{DF03B169-AA23-439A-8D35-CEEE085B0C7C}.Debug|Any CPU.ActiveCfg = Debug|Any CPU
		{DF03B169-AA23-439A-8D35-CEEE085B0C7C}.Debug|Any CPU.Build.0 = Debug|Any CPU
		{DF03B169-AA23-439A-8D35-CEEE085B0C7C}.Release|Any CPU.ActiveCfg = Release|Any CPU
		{DF03B169-AA23-439A-8D35-CEEE085B0C7C}.Release|Any CPU.Build.0 = Release|Any CPU
		{B113FAA5-0A01-4674-BB64-F0538AFFB7C3}.Debug|Any CPU.ActiveCfg = Debug|Any CPU
		{B113FAA5-0A01-4674-BB64-F0538AFFB7C3}.Debug|Any CPU.Build.0 = Debug|Any CPU
		{B113FAA5-0A01-4674-BB64-F0538AFFB7C3}.Release|Any CPU.ActiveCfg = Release|Any CPU
		{B113FAA5-0A01-4674-BB64-F0538AFFB7C3}.Release|Any CPU.Build.0 = Release|Any CPU
		{31580880-A0C4-4CBF-8A53-4446441B251F}.Debug|Any CPU.ActiveCfg = Debug|Any CPU
		{31580880-A0C4-4CBF-8A53-4446441B251F}.Debug|Any CPU.Build.0 = Debug|Any CPU
		{31580880-A0C4-4CBF-8A53-4446441B251F}.Release|Any CPU.ActiveCfg = Release|Any CPU
		{31580880-A0C4-4CBF-8A53-4446441B251F}.Release|Any CPU.Build.0 = Release|Any CPU
	EndGlobalSection
	GlobalSection(SolutionProperties) = preSolution
		HideSolutionNode = FALSE
	EndGlobalSection
EndGlobal
