
Microsoft Visual Studio Solution File, Format Version 12.00
# Visual Studio 14
VisualStudioVersion = 14.0.25123.0
MinimumVisualStudioVersion = 10.0.40219.1
Project("{FAE04EC0-301F-11D3-BF4B-00C04F79EFBC}") = "a", "a\a.csproj", "{4437E31D-3A48-4119-AD25-CE816D420389}"
EndProject
Project("{FAE04EC0-301F-11D3-BF4B-00C04F79EFBC}") = "b", "b\b.csproj", "{36953026-2418-465A-8A3D-35EB94C7BDE7}"
EndProject
Project("{FAE04EC0-301F-11D3-BF4B-00C04F79EFBC}") = "c", "c\c.csproj", "{3C5D0B8A-8E18-409D-BB63-E04D39B0D8B3}"
EndProject
Global
	GlobalSection(SolutionConfigurationPlatforms) = preSolution
		Debug|Any CPU = Debug|Any CPU
		Release|Any CPU = Release|Any CPU
	EndGlobalSection
	GlobalSection(ProjectConfigurationPlatforms) = postSolution
		{4437E31D-3A48-4119-AD25-CE816D420389}.Debug|Any CPU.ActiveCfg = Debug|Any CPU
		{4437E31D-3A48-4119-AD25-CE816D420389}.Debug|Any CPU.Build.0 = Debug|Any CPU
		{4437E31D-3A48-4119-AD25-CE816D420389}.Release|Any CPU.ActiveCfg = Release|Any CPU
		{4437E31D-3A48-4119-AD25-CE816D420389}.Release|Any CPU.Build.0 = Release|Any CPU
		{36953026-2418-465A-8A3D-35EB94C7BDE7}.Debug|Any CPU.ActiveCfg = Debug|Any CPU
		{36953026-2418-465A-8A3D-35EB94C7BDE7}.Debug|Any CPU.Build.0 = Debug|Any CPU
		{36953026-2418-465A-8A3D-35EB94C7BDE7}.Release|Any CPU.ActiveCfg = Release|Any CPU
		{36953026-2418-465A-8A3D-35EB94C7BDE7}.Release|Any CPU.Build.0 = Release|Any CPU
		{3C5D0B8A-8E18-409D-BB63-E04D39B0D8B3}.Debug|Any CPU.ActiveCfg = Debug|Any CPU
		{3C5D0B8A-8E18-409D-BB63-E04D39B0D8B3}.Debug|Any CPU.Build.0 = Debug|Any CPU
		{3C5D0B8A-8E18-409D-BB63-E04D39B0D8B3}.Release|Any CPU.ActiveCfg = Release|Any CPU
		{3C5D0B8A-8E18-409D-BB63-E04D39B0D8B3}.Release|Any CPU.Build.0 = Release|Any CPU
	EndGlobalSection
	GlobalSection(SolutionProperties) = preSolution
		HideSolutionNode = FALSE
	EndGlobalSection
EndGlobal
