
Microsoft Visual Studio Solution File, Format Version 12.00
# Visual Studio 14
VisualStudioVersion = 14.0.25123.0
MinimumVisualStudioVersion = 10.0.40219.1
Project("{FAE04EC0-301F-11D3-BF4B-00C04F79EFBC}") = "a", "a\a.csproj", "{EB747981-D5BD-4962-8E29-6C23464D9641}"
EndProject
Project("{FAE04EC0-301F-11D3-BF4B-00C04F79EFBC}") = "b", "b\b.csproj", "{48AAE1C7-0186-40B6-9CC3-25053BD01F26}"
EndProject
Global
	GlobalSection(SolutionConfigurationPlatforms) = preSolution
		Debug|Any CPU = Debug|Any CPU
		Release|Any CPU = Release|Any CPU
	EndGlobalSection
	GlobalSection(ProjectConfigurationPlatforms) = postSolution
		{EB747981-D5BD-4962-8E29-6C23464D9641}.Debug|Any CPU.ActiveCfg = Debug|Any CPU
		{EB747981-D5BD-4962-8E29-6C23464D9641}.Debug|Any CPU.Build.0 = Debug|Any CPU
		{EB747981-D5BD-4962-8E29-6C23464D9641}.Release|Any CPU.ActiveCfg = Release|Any CPU
		{EB747981-D5BD-4962-8E29-6C23464D9641}.Release|Any CPU.Build.0 = Release|Any CPU
		{48AAE1C7-0186-40B6-9CC3-25053BD01F26}.Debug|Any CPU.ActiveCfg = Debug|Any CPU
		{48AAE1C7-0186-40B6-9CC3-25053BD01F26}.Debug|Any CPU.Build.0 = Debug|Any CPU
		{48AAE1C7-0186-40B6-9CC3-25053BD01F26}.Release|Any CPU.ActiveCfg = Release|Any CPU
		{48AAE1C7-0186-40B6-9CC3-25053BD01F26}.Release|Any CPU.Build.0 = Release|Any CPU
	EndGlobalSection
	GlobalSection(SolutionProperties) = preSolution
		HideSolutionNode = FALSE
	EndGlobalSection
EndGlobal
