
Microsoft Visual Studio Solution File, Format Version 12.00
# Visual Studio 14
VisualStudioVersion = 14.0.25123.0
MinimumVisualStudioVersion = 10.0.40219.1
Project("{FAE04EC0-301F-11D3-BF4B-00C04F79EFBC}") = "a", "a\a.csproj", "{5ADC60C2-D410-4447-9687-2E6D04987659}"
EndProject
Project("{FAE04EC0-301F-11D3-BF4B-00C04F79EFBC}") = "c", "c\c.csproj", "{CA008355-9CAE-4477-9519-42FC753BB228}"
EndProject
Project("{FAE04EC0-301F-11D3-BF4B-00C04F79EFBC}") = "b", "b\b.csproj", "{8DF11F96-9C0C-4175-8CAE-8E952CBD4A00}"
EndProject
Global
	GlobalSection(SolutionConfigurationPlatforms) = preSolution
		Debug|Any CPU = Debug|Any CPU
		Release|Any CPU = Release|Any CPU
	EndGlobalSection
	GlobalSection(ProjectConfigurationPlatforms) = postSolution
		{5ADC60C2-D410-4447-9687-2E6D04987659}.Debug|Any CPU.ActiveCfg = Debug|Any CPU
		{5ADC60C2-D410-4447-9687-2E6D04987659}.Debug|Any CPU.Build.0 = Debug|Any CPU
		{5ADC60C2-D410-4447-9687-2E6D04987659}.Release|Any CPU.ActiveCfg = Release|Any CPU
		{5ADC60C2-D410-4447-9687-2E6D04987659}.Release|Any CPU.Build.0 = Release|Any CPU
		{CA008355-9CAE-4477-9519-42FC753BB228}.Debug|Any CPU.ActiveCfg = Debug|Any CPU
		{CA008355-9CAE-4477-9519-42FC753BB228}.Debug|Any CPU.Build.0 = Debug|Any CPU
		{CA008355-9CAE-4477-9519-42FC753BB228}.Release|Any CPU.ActiveCfg = Release|Any CPU
		{CA008355-9CAE-4477-9519-42FC753BB228}.Release|Any CPU.Build.0 = Release|Any CPU
		{8DF11F96-9C0C-4175-8CAE-8E952CBD4A00}.Debug|Any CPU.ActiveCfg = Debug|Any CPU
		{8DF11F96-9C0C-4175-8CAE-8E952CBD4A00}.Debug|Any CPU.Build.0 = Debug|Any CPU
		{8DF11F96-9C0C-4175-8CAE-8E952CBD4A00}.Release|Any CPU.ActiveCfg = Release|Any CPU
		{8DF11F96-9C0C-4175-8CAE-8E952CBD4A00}.Release|Any CPU.Build.0 = Release|Any CPU
	EndGlobalSection
	GlobalSection(SolutionProperties) = preSolution
		HideSolutionNode = FALSE
	EndGlobalSection
EndGlobal
