
Microsoft Visual Studio Solution File, Format Version 12.00
# Visual Studio 14
VisualStudioVersion = 14.0.25420.1
MinimumVisualStudioVersion = 10.0.40219.1
Project("{FAE04EC0-301F-11D3-BF4B-00C04F79EFBC}") = "a", "a\a.csproj", "{2D882610-9D59-44F5-9E1D-A64C0440BACB}"
EndProject
Project("{FAE04EC0-301F-11D3-BF4B-00C04F79EFBC}") = "b", "b\b.csproj", "{073B8FF1-303C-4EC2-BBBF-43085FC465F2}"
EndProject
Project("{FAE04EC0-301F-11D3-BF4B-00C04F79EFBC}") = "c", "c\c.csproj", "{3F263F3B-858B-4F5A-9581-E00152DCD210}"
EndProject
Project("{FAE04EC0-301F-11D3-BF4B-00C04F79EFBC}") = "d", "d\d.csproj", "{EB317179-B09A-42C9-B15C-9EB0E5EA09D6}"
EndProject
Global
	GlobalSection(SolutionConfigurationPlatforms) = preSolution
		Debug|Any CPU = Debug|Any CPU
		Release|Any CPU = Release|Any CPU
	EndGlobalSection
	GlobalSection(ProjectConfigurationPlatforms) = postSolution
		{2D882610-9D59-44F5-9E1D-A64C0440BACB}.Debug|Any CPU.ActiveCfg = Debug|Any CPU
		{2D882610-9D59-44F5-9E1D-A64C0440BACB}.Debug|Any CPU.Build.0 = Debug|Any CPU
		{2D882610-9D59-44F5-9E1D-A64C0440BACB}.Release|Any CPU.ActiveCfg = Release|Any CPU
		{2D882610-9D59-44F5-9E1D-A64C0440BACB}.Release|Any CPU.Build.0 = Release|Any CPU
		{073B8FF1-303C-4EC2-BBBF-43085FC465F2}.Debug|Any CPU.ActiveCfg = Debug|Any CPU
		{073B8FF1-303C-4EC2-BBBF-43085FC465F2}.Debug|Any CPU.Build.0 = Debug|Any CPU
		{073B8FF1-303C-4EC2-BBBF-43085FC465F2}.Release|Any CPU.ActiveCfg = Release|Any CPU
		{073B8FF1-303C-4EC2-BBBF-43085FC465F2}.Release|Any CPU.Build.0 = Release|Any CPU
		{3F263F3B-858B-4F5A-9581-E00152DCD210}.Debug|Any CPU.ActiveCfg = Debug|Any CPU
		{3F263F3B-858B-4F5A-9581-E00152DCD210}.Debug|Any CPU.Build.0 = Debug|Any CPU
		{3F263F3B-858B-4F5A-9581-E00152DCD210}.Release|Any CPU.ActiveCfg = Release|Any CPU
		{3F263F3B-858B-4F5A-9581-E00152DCD210}.Release|Any CPU.Build.0 = Release|Any CPU
		{EB317179-B09A-42C9-B15C-9EB0E5EA09D6}.Debug|Any CPU.ActiveCfg = Debug|Any CPU
		{EB317179-B09A-42C9-B15C-9EB0E5EA09D6}.Debug|Any CPU.Build.0 = Debug|Any CPU
		{EB317179-B09A-42C9-B15C-9EB0E5EA09D6}.Release|Any CPU.ActiveCfg = Release|Any CPU
		{EB317179-B09A-42C9-B15C-9EB0E5EA09D6}.Release|Any CPU.Build.0 = Release|Any CPU
	EndGlobalSection
	GlobalSection(SolutionProperties) = preSolution
		HideSolutionNode = FALSE
	EndGlobalSection
EndGlobal
