
Microsoft Visual Studio Solution File, Format Version 12.00
# Visual Studio 14
VisualStudioVersion = 14.0.25123.0
MinimumVisualStudioVersion = 10.0.40219.1
Project("{FAE04EC0-301F-11D3-BF4B-00C04F79EFBC}") = "a", "a\a.csproj", "{306E6C96-CEFD-454A-AA27-DEE2ABAFA7C4}"
EndProject
Project("{FAE04EC0-301F-11D3-BF4B-00C04F79EFBC}") = "b", "b\b.csproj", "{5E4F7B15-3476-4901-AAA8-A7EE645CE6C6}"
EndProject
Global
	GlobalSection(SolutionConfigurationPlatforms) = preSolution
		Debug|Any CPU = Debug|Any CPU
		Release|Any CPU = Release|Any CPU
	EndGlobalSection
	GlobalSection(ProjectConfigurationPlatforms) = postSolution
		{306E6C96-CEFD-454A-AA27-DEE2ABAFA7C4}.Debug|Any CPU.ActiveCfg = Debug|Any CPU
		{306E6C96-CEFD-454A-AA27-DEE2ABAFA7C4}.Debug|Any CPU.Build.0 = Debug|Any CPU
		{306E6C96-CEFD-454A-AA27-DEE2ABAFA7C4}.Release|Any CPU.ActiveCfg = Release|Any CPU
		{306E6C96-CEFD-454A-AA27-DEE2ABAFA7C4}.Release|Any CPU.Build.0 = Release|Any CPU
		{5E4F7B15-3476-4901-AAA8-A7EE645CE6C6}.Debug|Any CPU.ActiveCfg = Debug|Any CPU
		{5E4F7B15-3476-4901-AAA8-A7EE645CE6C6}.Debug|Any CPU.Build.0 = Debug|Any CPU
		{5E4F7B15-3476-4901-AAA8-A7EE645CE6C6}.Release|Any CPU.ActiveCfg = Release|Any CPU
		{5E4F7B15-3476-4901-AAA8-A7EE645CE6C6}.Release|Any CPU.Build.0 = Release|Any CPU
	EndGlobalSection
	GlobalSection(SolutionProperties) = preSolution
		HideSolutionNode = FALSE
	EndGlobalSection
EndGlobal
