
Microsoft Visual Studio Solution File, Format Version 12.00
# Visual Studio 14
VisualStudioVersion = 14.0.25420.1
MinimumVisualStudioVersion = 10.0.40219.1
Project("{FAE04EC0-301F-11D3-BF4B-00C04F79EFBC}") = "a", "a\a.csproj", "{77014E59-D50E-4562-A386-F71D0C9167E7}"
EndProject
Project("{FAE04EC0-301F-11D3-BF4B-00C04F79EFBC}") = "b", "b\b.csproj", "{C2CA3834-44C2-446D-8445-7F8487CE2271}"
EndProject
Project("{FAE04EC0-301F-11D3-BF4B-00C04F79EFBC}") = "c", "c\c.csproj", "{220C1AFE-3A38-4002-8D09-2D0614C2E60A}"
EndProject
Global
	GlobalSection(SolutionConfigurationPlatforms) = preSolution
		Debug|Any CPU = Debug|Any CPU
		Release|Any CPU = Release|Any CPU
	EndGlobalSection
	GlobalSection(ProjectConfigurationPlatforms) = postSolution
		{77014E59-D50E-4562-A386-F71D0C9167E7}.Debug|Any CPU.ActiveCfg = Debug|Any CPU
		{77014E59-D50E-4562-A386-F71D0C9167E7}.Debug|Any CPU.Build.0 = Debug|Any CPU
		{77014E59-D50E-4562-A386-F71D0C9167E7}.Release|Any CPU.ActiveCfg = Release|Any CPU
		{77014E59-D50E-4562-A386-F71D0C9167E7}.Release|Any CPU.Build.0 = Release|Any CPU
		{C2CA3834-44C2-446D-8445-7F8487CE2271}.Debug|Any CPU.ActiveCfg = Debug|Any CPU
		{C2CA3834-44C2-446D-8445-7F8487CE2271}.Debug|Any CPU.Build.0 = Debug|Any CPU
		{C2CA3834-44C2-446D-8445-7F8487CE2271}.Release|Any CPU.ActiveCfg = Release|Any CPU
		{C2CA3834-44C2-446D-8445-7F8487CE2271}.Release|Any CPU.Build.0 = Release|Any CPU
		{220C1AFE-3A38-4002-8D09-2D0614C2E60A}.Debug|Any CPU.ActiveCfg = Debug|Any CPU
		{220C1AFE-3A38-4002-8D09-2D0614C2E60A}.Debug|Any CPU.Build.0 = Debug|Any CPU
		{220C1AFE-3A38-4002-8D09-2D0614C2E60A}.Release|Any CPU.ActiveCfg = Release|Any CPU
		{220C1AFE-3A38-4002-8D09-2D0614C2E60A}.Release|Any CPU.Build.0 = Release|Any CPU
	EndGlobalSection
	GlobalSection(SolutionProperties) = preSolution
		HideSolutionNode = FALSE
	EndGlobalSection
EndGlobal
