
Microsoft Visual Studio Solution File, Format Version 12.00
# Visual Studio 14
VisualStudioVersion = 14.0.25123.0
MinimumVisualStudioVersion = 10.0.40219.1
Project("{FAE04EC0-301F-11D3-BF4B-00C04F79EFBC}") = "a", "a\a.csproj", "{F19D7697-E58E-438D-9B69-94FFE2BF88A9}"
EndProject
Project("{FAE04EC0-301F-11D3-BF4B-00C04F79EFBC}") = "b", "b\b.csproj", "{12459C63-787C-4A89-9229-A37C27A73B93}"
EndProject
Global
	GlobalSection(SolutionConfigurationPlatforms) = preSolution
		Debug|Any CPU = Debug|Any CPU
		Release|Any CPU = Release|Any CPU
	EndGlobalSection
	GlobalSection(ProjectConfigurationPlatforms) = postSolution
		{F19D7697-E58E-438D-9B69-94FFE2BF88A9}.Debug|Any CPU.ActiveCfg = Debug|Any CPU
		{F19D7697-E58E-438D-9B69-94FFE2BF88A9}.Debug|Any CPU.Build.0 = Debug|Any CPU
		{F19D7697-E58E-438D-9B69-94FFE2BF88A9}.Release|Any CPU.ActiveCfg = Release|Any CPU
		{F19D7697-E58E-438D-9B69-94FFE2BF88A9}.Release|Any CPU.Build.0 = Release|Any CPU
		{12459C63-787C-4A89-9229-A37C27A73B93}.Debug|Any CPU.ActiveCfg = Debug|Any CPU
		{12459C63-787C-4A89-9229-A37C27A73B93}.Debug|Any CPU.Build.0 = Debug|Any CPU
		{12459C63-787C-4A89-9229-A37C27A73B93}.Release|Any CPU.ActiveCfg = Release|Any CPU
		{12459C63-787C-4A89-9229-A37C27A73B93}.Release|Any CPU.Build.0 = Release|Any CPU
	EndGlobalSection
	GlobalSection(SolutionProperties) = preSolution
		HideSolutionNode = FALSE
	EndGlobalSection
EndGlobal
