
Microsoft Visual Studio Solution File, Format Version 12.00
# Visual Studio 14
VisualStudioVersion = 14.0.25123.0
MinimumVisualStudioVersion = 10.0.40219.1
Project("{FAE04EC0-301F-11D3-BF4B-00C04F79EFBC}") = "a", "a\a.csproj", "{32B137DA-1235-4BBC-B217-515A7CCF853B}"
EndProject
Project("{FAE04EC0-301F-11D3-BF4B-00C04F79EFBC}") = "b", "b\b.csproj", "{703D2868-4300-4F39-A533-4E35E6D34376}"
EndProject
Project("{FAE04EC0-301F-11D3-BF4B-00C04F79EFBC}") = "c", "c\c.csproj", "{ACF18080-EECE-4570-B0CB-0D34E8304362}"
EndProject
Global
	GlobalSection(SolutionConfigurationPlatforms) = preSolution
		Debug|Any CPU = Debug|Any CPU
		Release|Any CPU = Release|Any CPU
	EndGlobalSection
	GlobalSection(ProjectConfigurationPlatforms) = postSolution
		{32B137DA-1235-4BBC-B217-515A7CCF853B}.Debug|Any CPU.ActiveCfg = Debug|Any CPU
		{32B137DA-1235-4BBC-B217-515A7CCF853B}.Debug|Any CPU.Build.0 = Debug|Any CPU
		{32B137DA-1235-4BBC-B217-515A7CCF853B}.Release|Any CPU.ActiveCfg = Release|Any CPU
		{32B137DA-1235-4BBC-B217-515A7CCF853B}.Release|Any CPU.Build.0 = Release|Any CPU
		{703D2868-4300-4F39-A533-4E35E6D34376}.Debug|Any CPU.ActiveCfg = Debug|Any CPU
		{703D2868-4300-4F39-A533-4E35E6D34376}.Debug|Any CPU.Build.0 = Debug|Any CPU
		{703D2868-4300-4F39-A533-4E35E6D34376}.Release|Any CPU.ActiveCfg = Release|Any CPU
		{703D2868-4300-4F39-A533-4E35E6D34376}.Release|Any CPU.Build.0 = Release|Any CPU
		{ACF18080-EECE-4570-B0CB-0D34E8304362}.Debug|Any CPU.ActiveCfg = Debug|Any CPU
		{ACF18080-EECE-4570-B0CB-0D34E8304362}.Debug|Any CPU.Build.0 = Debug|Any CPU
		{ACF18080-EECE-4570-B0CB-0D34E8304362}.Release|Any CPU.ActiveCfg = Release|Any CPU
		{ACF18080-EECE-4570-B0CB-0D34E8304362}.Release|Any CPU.Build.0 = Release|Any CPU
	EndGlobalSection
	GlobalSection(SolutionProperties) = preSolution
		HideSolutionNode = FALSE
	EndGlobalSection
EndGlobal
