
Microsoft Visual Studio Solution File, Format Version 12.00
# Visual Studio 14
VisualStudioVersion = 14.0.25420.1
MinimumVisualStudioVersion = 10.0.40219.1
Project("{FAE04EC0-301F-11D3-BF4B-00C04F79EFBC}") = "a", "a\a.csproj", "{C2E01B5E-BE84-43FF-BD1C-B52B2F75CFEB}"
EndProject
Project("{FAE04EC0-301F-11D3-BF4B-00C04F79EFBC}") = "b", "b\b.csproj", "{193FE4DF-C656-4DBD-AF3D-4BFF46AE4557}"
EndProject
Project("{FAE04EC0-301F-11D3-BF4B-00C04F79EFBC}") = "c", "c\c.csproj", "{94B0AEF3-A37B-4150-B93C-F6123ADDE739}"
EndProject
Global
	GlobalSection(SolutionConfigurationPlatforms) = preSolution
		Debug|Any CPU = Debug|Any CPU
		Release|Any CPU = Release|Any CPU
	EndGlobalSection
	GlobalSection(ProjectConfigurationPlatforms) = postSolution
		{C2E01B5E-BE84-43FF-BD1C-B52B2F75CFEB}.Debug|Any CPU.ActiveCfg = Debug|Any CPU
		{C2E01B5E-BE84-43FF-BD1C-B52B2F75CFEB}.Debug|Any CPU.Build.0 = Debug|Any CPU
		{C2E01B5E-BE84-43FF-BD1C-B52B2F75CFEB}.Release|Any CPU.ActiveCfg = Release|Any CPU
		{C2E01B5E-BE84-43FF-BD1C-B52B2F75CFEB}.Release|Any CPU.Build.0 = Release|Any CPU
		{193FE4DF-C656-4DBD-AF3D-4BFF46AE4557}.Debug|Any CPU.ActiveCfg = Debug|Any CPU
		{193FE4DF-C656-4DBD-AF3D-4BFF46AE4557}.Debug|Any CPU.Build.0 = Debug|Any CPU
		{193FE4DF-C656-4DBD-AF3D-4BFF46AE4557}.Release|Any CPU.ActiveCfg = Release|Any CPU
		{193FE4DF-C656-4DBD-AF3D-4BFF46AE4557}.Release|Any CPU.Build.0 = Release|Any CPU
		{94B0AEF3-A37B-4150-B93C-F6123ADDE739}.Debug|Any CPU.ActiveCfg = Debug|Any CPU
		{94B0AEF3-A37B-4150-B93C-F6123ADDE739}.Debug|Any CPU.Build.0 = Debug|Any CPU
		{94B0AEF3-A37B-4150-B93C-F6123ADDE739}.Release|Any CPU.ActiveCfg = Release|Any CPU
		{94B0AEF3-A37B-4150-B93C-F6123ADDE739}.Release|Any CPU.Build.0 = Release|Any CPU
	EndGlobalSection
	GlobalSection(SolutionProperties) = preSolution
		HideSolutionNode = FALSE
	EndGlobalSection
EndGlobal
