
Microsoft Visual Studio Solution File, Format Version 12.00
# Visual Studio 14
VisualStudioVersion = 14.0.25420.1
MinimumVisualStudioVersion = 10.0.40219.1
Project("{FAE04EC0-301F-11D3-BF4B-00C04F79EFBC}") = "a", "a\a.csproj", "{EC444C8D-8FB1-4CE5-9F48-30A32D37BDFF}"
EndProject
Project("{FAE04EC0-301F-11D3-BF4B-00C04F79EFBC}") = "b", "b\b.csproj", "{8A5E0D0D-3D9C-491F-8884-35E912A0D6B5}"
EndProject
Global
	GlobalSection(SolutionConfigurationPlatforms) = preSolution
		Debug|Any CPU = Debug|Any CPU
		Release|Any CPU = Release|Any CPU
	EndGlobalSection
	GlobalSection(ProjectConfigurationPlatforms) = postSolution
		{EC444C8D-8FB1-4CE5-9F48-30A32D37BDFF}.Debug|Any CPU.ActiveCfg = Debug|Any CPU
		{EC444C8D-8FB1-4CE5-9F48-30A32D37BDFF}.Debug|Any CPU.Build.0 = Debug|Any CPU
		{EC444C8D-8FB1-4CE5-9F48-30A32D37BDFF}.Release|Any CPU.ActiveCfg = Release|Any CPU
		{EC444C8D-8FB1-4CE5-9F48-30A32D37BDFF}.Release|Any CPU.Build.0 = Release|Any CPU
		{8A5E0D0D-3D9C-491F-8884-35E912A0D6B5}.Debug|Any CPU.ActiveCfg = Debug|Any CPU
		{8A5E0D0D-3D9C-491F-8884-35E912A0D6B5}.Debug|Any CPU.Build.0 = Debug|Any CPU
		{8A5E0D0D-3D9C-491F-8884-35E912A0D6B5}.Release|Any CPU.ActiveCfg = Release|Any CPU
		{8A5E0D0D-3D9C-491F-8884-35E912A0D6B5}.Release|Any CPU.Build.0 = Release|Any CPU
	EndGlobalSection
	GlobalSection(SolutionProperties) = preSolution
		HideSolutionNode = FALSE
	EndGlobalSection
EndGlobal
