
Microsoft Visual Studio Solution File, Format Version 12.00
# Visual Studio 14
VisualStudioVersion = 14.0.25420.1
MinimumVisualStudioVersion = 10.0.40219.1
Project("{FAE04EC0-301F-11D3-BF4B-00C04F79EFBC}") = "a", "a\a.csproj", "{5842D47A-165F-4145-9B74-6813E5D1A8E2}"
EndProject
Project("{FAE04EC0-301F-11D3-BF4B-00C04F79EFBC}") = "b", "b\b.csproj", "{7E37FA5D-724D-46F1-AE0B-FCE928F1E2B3}"
EndProject
Project("{FAE04EC0-301F-11D3-BF4B-00C04F79EFBC}") = "c", "c\c.csproj", "{A6BED635-DF39-4BB5-B334-0D0E51DAD987}"
EndProject
Global
	GlobalSection(SolutionConfigurationPlatforms) = preSolution
		Debug|Any CPU = Debug|Any CPU
		Release|Any CPU = Release|Any CPU
	EndGlobalSection
	GlobalSection(ProjectConfigurationPlatforms) = postSolution
		{5842D47A-165F-4145-9B74-6813E5D1A8E2}.Debug|Any CPU.ActiveCfg = Debug|Any CPU
		{5842D47A-165F-4145-9B74-6813E5D1A8E2}.Debug|Any CPU.Build.0 = Debug|Any CPU
		{5842D47A-165F-4145-9B74-6813E5D1A8E2}.Release|Any CPU.ActiveCfg = Release|Any CPU
		{5842D47A-165F-4145-9B74-6813E5D1A8E2}.Release|Any CPU.Build.0 = Release|Any CPU
		{7E37FA5D-724D-46F1-AE0B-FCE928F1E2B3}.Debug|Any CPU.ActiveCfg = Debug|Any CPU
		{7E37FA5D-724D-46F1-AE0B-FCE928F1E2B3}.Debug|Any CPU.Build.0 = Debug|Any CPU
		{7E37FA5D-724D-46F1-AE0B-FCE928F1E2B3}.Release|Any CPU.ActiveCfg = Release|Any CPU
		{7E37FA5D-724D-46F1-AE0B-FCE928F1E2B3}.Release|Any CPU.Build.0 = Release|Any CPU
		{A6BED635-DF39-4BB5-B334-0D0E51DAD987}.Debug|Any CPU.ActiveCfg = Debug|Any CPU
		{A6BED635-DF39-4BB5-B334-0D0E51DAD987}.Debug|Any CPU.Build.0 = Debug|Any CPU
		{A6BED635-DF39-4BB5-B334-0D0E51DAD987}.Release|Any CPU.ActiveCfg = Release|Any CPU
		{A6BED635-DF39-4BB5-B334-0D0E51DAD987}.Release|Any CPU.Build.0 = Release|Any CPU
	EndGlobalSection
	GlobalSection(SolutionProperties) = preSolution
		HideSolutionNode = FALSE
	EndGlobalSection
EndGlobal
