
Microsoft Visual Studio Solution File, Format Version 12.00
# Visual Studio 14
VisualStudioVersion = 14.0.25420.1
MinimumVisualStudioVersion = 10.0.40219.1
Project("{FAE04EC0-301F-11D3-BF4B-00C04F79EFBC}") = "a", "a\a.csproj", "{3BB3D806-B7BB-4002-89B0-07CDBF36371F}"
EndProject
Project("{FAE04EC0-301F-11D3-BF4B-00C04F79EFBC}") = "b", "b\b.csproj", "{E505535E-60D2-4B1A-94EC-309ADD774892}"
EndProject
Project("{FAE04EC0-301F-11D3-BF4B-00C04F79EFBC}") = "c", "c\c.csproj", "{8FD6BF0D-9C79-4BE4-A919-E683C327A04A}"
EndProject
Global
	GlobalSection(SolutionConfigurationPlatforms) = preSolution
		Debug|Any CPU = Debug|Any CPU
		Release|Any CPU = Release|Any CPU
	EndGlobalSection
	GlobalSection(ProjectConfigurationPlatforms) = postSolution
		{3BB3D806-B7BB-4002-89B0-07CDBF36371F}.Debug|Any CPU.ActiveCfg = Debug|Any CPU
		{3BB3D806-B7BB-4002-89B0-07CDBF36371F}.Debug|Any CPU.Build.0 = Debug|Any CPU
		{3BB3D806-B7BB-4002-89B0-07CDBF36371F}.Release|Any CPU.ActiveCfg = Release|Any CPU
		{3BB3D806-B7BB-4002-89B0-07CDBF36371F}.Release|Any CPU.Build.0 = Release|Any CPU
		{E505535E-60D2-4B1A-94EC-309ADD774892}.Debug|Any CPU.ActiveCfg = Debug|Any CPU
		{E505535E-60D2-4B1A-94EC-309ADD774892}.Debug|Any CPU.Build.0 = Debug|Any CPU
		{E505535E-60D2-4B1A-94EC-309ADD774892}.Release|Any CPU.ActiveCfg = Release|Any CPU
		{E505535E-60D2-4B1A-94EC-309ADD774892}.Release|Any CPU.Build.0 = Release|Any CPU
		{8FD6BF0D-9C79-4BE4-A919-E683C327A04A}.Debug|Any CPU.ActiveCfg = Debug|Any CPU
		{8FD6BF0D-9C79-4BE4-A919-E683C327A04A}.Debug|Any CPU.Build.0 = Debug|Any CPU
		{8FD6BF0D-9C79-4BE4-A919-E683C327A04A}.Release|Any CPU.ActiveCfg = Release|Any CPU
		{8FD6BF0D-9C79-4BE4-A919-E683C327A04A}.Release|Any CPU.Build.0 = Release|Any CPU
	EndGlobalSection
	GlobalSection(SolutionProperties) = preSolution
		HideSolutionNode = FALSE
	EndGlobalSection
EndGlobal
