
Microsoft Visual Studio Solution File, Format Version 12.00
# Visual Studio 14
VisualStudioVersion = 14.0.25123.0
MinimumVisualStudioVersion = 10.0.40219.1
Project("{FAE04EC0-301F-11D3-BF4B-00C04F79EFBC}") = "2254", "2254\2254.csproj", "{2396E983-9CCA-492E-BA4D-033FE14B8E20}"
EndProject
Global
	GlobalSection(SolutionConfigurationPlatforms) = preSolution
		Debug|Any CPU = Debug|Any CPU
		Release|Any CPU = Release|Any CPU
	EndGlobalSection
	GlobalSection(ProjectConfigurationPlatforms) = postSolution
		{2396E983-9CCA-492E-BA4D-033FE14B8E20}.Debug|Any CPU.ActiveCfg = Debug|Any CPU
		{2396E983-9CCA-492E-BA4D-033FE14B8E20}.Debug|Any CPU.Build.0 = Debug|Any CPU
		{2396E983-9CCA-492E-BA4D-033FE14B8E20}.Release|Any CPU.ActiveCfg = Release|Any CPU
		{2396E983-9CCA-492E-BA4D-033FE14B8E20}.Release|Any CPU.Build.0 = Release|Any CPU
	EndGlobalSection
	GlobalSection(SolutionProperties) = preSolution
		HideSolutionNode = FALSE
	EndGlobalSection
EndGlobal
