
Microsoft Visual Studio Solution File, Format Version 12.00
# Visual Studio 14
VisualStudioVersion = 14.0.25123.0
MinimumVisualStudioVersion = 10.0.40219.1
Project("{FAE04EC0-301F-11D3-BF4B-00C04F79EFBC}") = "a", "a\a.csproj", "{A0CFD517-2FE9-42F6-924C-42E284572E88}"
EndProject
Project("{FAE04EC0-301F-11D3-BF4B-00C04F79EFBC}") = "b", "b\b.csproj", "{0D11C6E1-BAD6-4920-A876-3BE4D372BCA3}"
EndProject
Project("{FAE04EC0-301F-11D3-BF4B-00C04F79EFBC}") = "c", "c\c.csproj", "{E9868239-7D22-479C-8B2C-21BD665885F3}"
EndProject
Global
	GlobalSection(SolutionConfigurationPlatforms) = preSolution
		Debug|Any CPU = Debug|Any CPU
		Release|Any CPU = Release|Any CPU
	EndGlobalSection
	GlobalSection(ProjectConfigurationPlatforms) = postSolution
		{A0CFD517-2FE9-42F6-924C-42E284572E88}.Debug|Any CPU.ActiveCfg = Debug|Any CPU
		{A0CFD517-2FE9-42F6-924C-42E284572E88}.Debug|Any CPU.Build.0 = Debug|Any CPU
		{A0CFD517-2FE9-42F6-924C-42E284572E88}.Release|Any CPU.ActiveCfg = Release|Any CPU
		{A0CFD517-2FE9-42F6-924C-42E284572E88}.Release|Any CPU.Build.0 = Release|Any CPU
		{0D11C6E1-BAD6-4920-A876-3BE4D372BCA3}.Debug|Any CPU.ActiveCfg = Debug|Any CPU
		{0D11C6E1-BAD6-4920-A876-3BE4D372BCA3}.Debug|Any CPU.Build.0 = Debug|Any CPU
		{0D11C6E1-BAD6-4920-A876-3BE4D372BCA3}.Release|Any CPU.ActiveCfg = Release|Any CPU
		{0D11C6E1-BAD6-4920-A876-3BE4D372BCA3}.Release|Any CPU.Build.0 = Release|Any CPU
		{E9868239-7D22-479C-8B2C-21BD665885F3}.Debug|Any CPU.ActiveCfg = Debug|Any CPU
		{E9868239-7D22-479C-8B2C-21BD665885F3}.Debug|Any CPU.Build.0 = Debug|Any CPU
		{E9868239-7D22-479C-8B2C-21BD665885F3}.Release|Any CPU.ActiveCfg = Release|Any CPU
		{E9868239-7D22-479C-8B2C-21BD665885F3}.Release|Any CPU.Build.0 = Release|Any CPU
	EndGlobalSection
	GlobalSection(SolutionProperties) = preSolution
		HideSolutionNode = FALSE
	EndGlobalSection
EndGlobal
