
Microsoft Visual Studio Solution File, Format Version 12.00
# Visual Studio 14
VisualStudioVersion = 14.0.25123.0
MinimumVisualStudioVersion = 10.0.40219.1
Project("{FAE04EC0-301F-11D3-BF4B-00C04F79EFBC}") = "a", "a\a.csproj", "{4E029102-3C4C-4D5C-9145-13E1FC14A832}"
EndProject
Project("{FAE04EC0-301F-11D3-BF4B-00C04F79EFBC}") = "b", "b\b.csproj", "{AB6A3A37-4538-4073-92E3-A303716306E2}"
EndProject
Project("{FAE04EC0-301F-11D3-BF4B-00C04F79EFBC}") = "c", "c\c.csproj", "{30E60947-39AE-4EF3-B1CB-42D1BF0A1DC8}"
EndProject
Global
	GlobalSection(SolutionConfigurationPlatforms) = preSolution
		Debug|Any CPU = Debug|Any CPU
		Release|Any CPU = Release|Any CPU
	EndGlobalSection
	GlobalSection(ProjectConfigurationPlatforms) = postSolution
		{4E029102-3C4C-4D5C-9145-13E1FC14A832}.Debug|Any CPU.ActiveCfg = Debug|Any CPU
		{4E029102-3C4C-4D5C-9145-13E1FC14A832}.Debug|Any CPU.Build.0 = Debug|Any CPU
		{4E029102-3C4C-4D5C-9145-13E1FC14A832}.Release|Any CPU.ActiveCfg = Release|Any CPU
		{4E029102-3C4C-4D5C-9145-13E1FC14A832}.Release|Any CPU.Build.0 = Release|Any CPU
		{AB6A3A37-4538-4073-92E3-A303716306E2}.Debug|Any CPU.ActiveCfg = Debug|Any CPU
		{AB6A3A37-4538-4073-92E3-A303716306E2}.Debug|Any CPU.Build.0 = Debug|Any CPU
		{AB6A3A37-4538-4073-92E3-A303716306E2}.Release|Any CPU.ActiveCfg = Release|Any CPU
		{AB6A3A37-4538-4073-92E3-A303716306E2}.Release|Any CPU.Build.0 = Release|Any CPU
		{30E60947-39AE-4EF3-B1CB-42D1BF0A1DC8}.Debug|Any CPU.ActiveCfg = Debug|Any CPU
		{30E60947-39AE-4EF3-B1CB-42D1BF0A1DC8}.Debug|Any CPU.Build.0 = Debug|Any CPU
		{30E60947-39AE-4EF3-B1CB-42D1BF0A1DC8}.Release|Any CPU.ActiveCfg = Release|Any CPU
		{30E60947-39AE-4EF3-B1CB-42D1BF0A1DC8}.Release|Any CPU.Build.0 = Release|Any CPU
	EndGlobalSection
	GlobalSection(SolutionProperties) = preSolution
		HideSolutionNode = FALSE
	EndGlobalSection
EndGlobal
