
Microsoft Visual Studio Solution File, Format Version 12.00
# Visual Studio 14
VisualStudioVersion = 14.0.25123.0
MinimumVisualStudioVersion = 10.0.40219.1
Project("{FAE04EC0-301F-11D3-BF4B-00C04F79EFBC}") = "b", "b\b.csproj", "{9BA140D1-61A4-463C-918D-881459E31772}"
EndProject
Project("{FAE04EC0-301F-11D3-BF4B-00C04F79EFBC}") = "a", "a\a.csproj", "{126C91B0-3819-4E79-ABE0-CFE8CBC66D47}"
EndProject
Project("{FAE04EC0-301F-11D3-BF4B-00C04F79EFBC}") = "c", "c\c.csproj", "{47F43571-59DF-49D0-B5BA-13DCDDD0FDB1}"
EndProject
Global
	GlobalSection(SolutionConfigurationPlatforms) = preSolution
		Debug|Any CPU = Debug|Any CPU
		Release|Any CPU = Release|Any CPU
	EndGlobalSection
	GlobalSection(ProjectConfigurationPlatforms) = postSolution
		{9BA140D1-61A4-463C-918D-881459E31772}.Debug|Any CPU.ActiveCfg = Debug|Any CPU
		{9BA140D1-61A4-463C-918D-881459E31772}.Debug|Any CPU.Build.0 = Debug|Any CPU
		{9BA140D1-61A4-463C-918D-881459E31772}.Release|Any CPU.ActiveCfg = Release|Any CPU
		{9BA140D1-61A4-463C-918D-881459E31772}.Release|Any CPU.Build.0 = Release|Any CPU
		{126C91B0-3819-4E79-ABE0-CFE8CBC66D47}.Debug|Any CPU.ActiveCfg = Debug|Any CPU
		{126C91B0-3819-4E79-ABE0-CFE8CBC66D47}.Debug|Any CPU.Build.0 = Debug|Any CPU
		{126C91B0-3819-4E79-ABE0-CFE8CBC66D47}.Release|Any CPU.ActiveCfg = Release|Any CPU
		{126C91B0-3819-4E79-ABE0-CFE8CBC66D47}.Release|Any CPU.Build.0 = Release|Any CPU
		{47F43571-59DF-49D0-B5BA-13DCDDD0FDB1}.Debug|Any CPU.ActiveCfg = Debug|Any CPU
		{47F43571-59DF-49D0-B5BA-13DCDDD0FDB1}.Debug|Any CPU.Build.0 = Debug|Any CPU
		{47F43571-59DF-49D0-B5BA-13DCDDD0FDB1}.Release|Any CPU.ActiveCfg = Release|Any CPU
		{47F43571-59DF-49D0-B5BA-13DCDDD0FDB1}.Release|Any CPU.Build.0 = Release|Any CPU
	EndGlobalSection
	GlobalSection(SolutionProperties) = preSolution
		HideSolutionNode = FALSE
	EndGlobalSection
EndGlobal
