
Microsoft Visual Studio Solution File, Format Version 12.00
# Visual Studio 14
VisualStudioVersion = 14.0.25420.1
MinimumVisualStudioVersion = 10.0.40219.1
Project("{FAE04EC0-301F-11D3-BF4B-00C04F79EFBC}") = "a", "a\a.csproj", "{4B6465BB-EEE2-49B4-B2E8-9C1D75202971}"
EndProject
Project("{FAE04EC0-301F-11D3-BF4B-00C04F79EFBC}") = "b", "b\b.csproj", "{BE63403B-71D3-48D9-89E7-48A4C612422E}"
EndProject
Project("{FAE04EC0-301F-11D3-BF4B-00C04F79EFBC}") = "c", "c\c.csproj", "{76B17B67-3AB1-4618-A18D-1E08FD9E5B6A}"
EndProject
Global
	GlobalSection(SolutionConfigurationPlatforms) = preSolution
		Debug|Any CPU = Debug|Any CPU
		Release|Any CPU = Release|Any CPU
	EndGlobalSection
	GlobalSection(ProjectConfigurationPlatforms) = postSolution
		{4B6465BB-EEE2-49B4-B2E8-9C1D75202971}.Debug|Any CPU.ActiveCfg = Debug|Any CPU
		{4B6465BB-EEE2-49B4-B2E8-9C1D75202971}.Debug|Any CPU.Build.0 = Debug|Any CPU
		{4B6465BB-EEE2-49B4-B2E8-9C1D75202971}.Release|Any CPU.ActiveCfg = Release|Any CPU
		{4B6465BB-EEE2-49B4-B2E8-9C1D75202971}.Release|Any CPU.Build.0 = Release|Any CPU
		{BE63403B-71D3-48D9-89E7-48A4C612422E}.Debug|Any CPU.ActiveCfg = Debug|Any CPU
		{BE63403B-71D3-48D9-89E7-48A4C612422E}.Debug|Any CPU.Build.0 = Debug|Any CPU
		{BE63403B-71D3-48D9-89E7-48A4C612422E}.Release|Any CPU.ActiveCfg = Release|Any CPU
		{BE63403B-71D3-48D9-89E7-48A4C612422E}.Release|Any CPU.Build.0 = Release|Any CPU
		{76B17B67-3AB1-4618-A18D-1E08FD9E5B6A}.Debug|Any CPU.ActiveCfg = Debug|Any CPU
		{76B17B67-3AB1-4618-A18D-1E08FD9E5B6A}.Debug|Any CPU.Build.0 = Debug|Any CPU
		{76B17B67-3AB1-4618-A18D-1E08FD9E5B6A}.Release|Any CPU.ActiveCfg = Release|Any CPU
		{76B17B67-3AB1-4618-A18D-1E08FD9E5B6A}.Release|Any CPU.Build.0 = Release|Any CPU
	EndGlobalSection
	GlobalSection(SolutionProperties) = preSolution
		HideSolutionNode = FALSE
	EndGlobalSection
EndGlobal
