
Microsoft Visual Studio Solution File, Format Version 12.00
# Visual Studio 14
VisualStudioVersion = 14.0.25123.0
MinimumVisualStudioVersion = 10.0.40219.1
Project("{FAE04EC0-301F-11D3-BF4B-00C04F79EFBC}") = "a", "a\a.csproj", "{5A2BA659-29AB-4D9E-8000-FA5518E9BA02}"
EndProject
Project("{FAE04EC0-301F-11D3-BF4B-00C04F79EFBC}") = "b", "b\b.csproj", "{246F6866-E277-405E-B3E9-7C75081991BD}"
EndProject
Project("{FAE04EC0-301F-11D3-BF4B-00C04F79EFBC}") = "c", "c\c.csproj", "{8FE8321C-DC5E-4666-B7E9-F30DB80BA6E7}"
EndProject
Project("{FAE04EC0-301F-11D3-BF4B-00C04F79EFBC}") = "d", "d\d.csproj", "{AE95F199-3FEF-4BD9-A68F-07C3109302F2}"
EndProject
Project("{FAE04EC0-301F-11D3-BF4B-00C04F79EFBC}") = "e", "e\e.csproj", "{6CDBDA43-04A6-4257-8E61-82191BF00BA7}"
EndProject
Global
	GlobalSection(SolutionConfigurationPlatforms) = preSolution
		Debug|Any CPU = Debug|Any CPU
		Release|Any CPU = Release|Any CPU
	EndGlobalSection
	GlobalSection(ProjectConfigurationPlatforms) = postSolution
		{5A2BA659-29AB-4D9E-8000-FA5518E9BA02}.Debug|Any CPU.ActiveCfg = Debug|Any CPU
		{5A2BA659-29AB-4D9E-8000-FA5518E9BA02}.Debug|Any CPU.Build.0 = Debug|Any CPU
		{5A2BA659-29AB-4D9E-8000-FA5518E9BA02}.Release|Any CPU.ActiveCfg = Release|Any CPU
		{5A2BA659-29AB-4D9E-8000-FA5518E9BA02}.Release|Any CPU.Build.0 = Release|Any CPU
		{246F6866-E277-405E-B3E9-7C75081991BD}.Debug|Any CPU.ActiveCfg = Debug|Any CPU
		{246F6866-E277-405E-B3E9-7C75081991BD}.Debug|Any CPU.Build.0 = Debug|Any CPU
		{246F6866-E277-405E-B3E9-7C75081991BD}.Release|Any CPU.ActiveCfg = Release|Any CPU
		{246F6866-E277-405E-B3E9-7C75081991BD}.Release|Any CPU.Build.0 = Release|Any CPU
		{8FE8321C-DC5E-4666-B7E9-F30DB80BA6E7}.Debug|Any CPU.ActiveCfg = Debug|Any CPU
		{8FE8321C-DC5E-4666-B7E9-F30DB80BA6E7}.Debug|Any CPU.Build.0 = Debug|Any CPU
		{8FE8321C-DC5E-4666-B7E9-F30DB80BA6E7}.Release|Any CPU.ActiveCfg = Release|Any CPU
		{8FE8321C-DC5E-4666-B7E9-F30DB80BA6E7}.Release|Any CPU.Build.0 = Release|Any CPU
		{AE95F199-3FEF-4BD9-A68F-07C3109302F2}.Debug|Any CPU.ActiveCfg = Debug|Any CPU
		{AE95F199-3FEF-4BD9-A68F-07C3109302F2}.Debug|Any CPU.Build.0 = Debug|Any CPU
		{AE95F199-3FEF-4BD9-A68F-07C3109302F2}.Release|Any CPU.ActiveCfg = Release|Any CPU
		{AE95F199-3FEF-4BD9-A68F-07C3109302F2}.Release|Any CPU.Build.0 = Release|Any CPU
		{6CDBDA43-04A6-4257-8E61-82191BF00BA7}.Debug|Any CPU.ActiveCfg = Debug|Any CPU
		{6CDBDA43-04A6-4257-8E61-82191BF00BA7}.Debug|Any CPU.Build.0 = Debug|Any CPU
		{6CDBDA43-04A6-4257-8E61-82191BF00BA7}.Release|Any CPU.ActiveCfg = Release|Any CPU
		{6CDBDA43-04A6-4257-8E61-82191BF00BA7}.Release|Any CPU.Build.0 = Release|Any CPU
	EndGlobalSection
	GlobalSection(SolutionProperties) = preSolution
		HideSolutionNode = FALSE
	EndGlobalSection
EndGlobal
