
Microsoft Visual Studio Solution File, Format Version 12.00
# Visual Studio 14
VisualStudioVersion = 14.0.25420.1
MinimumVisualStudioVersion = 10.0.40219.1
Project("{FAE04EC0-301F-11D3-BF4B-00C04F79EFBC}") = "a", "a\a.csproj", "{DEAE189C-32BD-4259-9659-27FCB81C6875}"
EndProject
Project("{FAE04EC0-301F-11D3-BF4B-00C04F79EFBC}") = "b", "b\b.csproj", "{46B5F8A5-D098-4E52-8A8F-F8B516651984}"
EndProject
Project("{FAE04EC0-301F-11D3-BF4B-00C04F79EFBC}") = "c", "c\c.csproj", "{6331792D-D92F-42FA-8AD7-14CEA60535C9}"
EndProject
Global
	GlobalSection(SolutionConfigurationPlatforms) = preSolution
		Debug|Any CPU = Debug|Any CPU
		Release|Any CPU = Release|Any CPU
	EndGlobalSection
	GlobalSection(ProjectConfigurationPlatforms) = postSolution
		{DEAE189C-32BD-4259-9659-27FCB81C6875}.Debug|Any CPU.ActiveCfg = Debug|Any CPU
		{DEAE189C-32BD-4259-9659-27FCB81C6875}.Debug|Any CPU.Build.0 = Debug|Any CPU
		{DEAE189C-32BD-4259-9659-27FCB81C6875}.Release|Any CPU.ActiveCfg = Release|Any CPU
		{DEAE189C-32BD-4259-9659-27FCB81C6875}.Release|Any CPU.Build.0 = Release|Any CPU
		{46B5F8A5-D098-4E52-8A8F-F8B516651984}.Debug|Any CPU.ActiveCfg = Debug|Any CPU
		{46B5F8A5-D098-4E52-8A8F-F8B516651984}.Debug|Any CPU.Build.0 = Debug|Any CPU
		{46B5F8A5-D098-4E52-8A8F-F8B516651984}.Release|Any CPU.ActiveCfg = Release|Any CPU
		{46B5F8A5-D098-4E52-8A8F-F8B516651984}.Release|Any CPU.Build.0 = Release|Any CPU
		{6331792D-D92F-42FA-8AD7-14CEA60535C9}.Debug|Any CPU.ActiveCfg = Debug|Any CPU
		{6331792D-D92F-42FA-8AD7-14CEA60535C9}.Debug|Any CPU.Build.0 = Debug|Any CPU
		{6331792D-D92F-42FA-8AD7-14CEA60535C9}.Release|Any CPU.ActiveCfg = Release|Any CPU
		{6331792D-D92F-42FA-8AD7-14CEA60535C9}.Release|Any CPU.Build.0 = Release|Any CPU
	EndGlobalSection
	GlobalSection(SolutionProperties) = preSolution
		HideSolutionNode = FALSE
	EndGlobalSection
EndGlobal
